
Microsoft Visual Studio Solution File, Format Version 9.00
# Visual Studio 2005
Project("{8BC9CEB8-8B4A-11D0-8D11-00A0C91BC942}") = "objectlib", "objectlib\objectlib.vcproj", "{C5B18FBC-35EF-4145-9235-5DBB3872B2F6}"
EndProject
Project("{8BC9CEB8-8B4A-11D0-8D11-00A0C91BC942}") = "memorylib", "memorylib\memorylib.vcproj", "{7A222F85-84AC-458B-9B9D-1F3F59FAA8DE}"
EndProject
Project("{2150E333-8FDC-42A3-9474-1A3956D46DE8}") = "docs", "docs", "{ABEE072B-E99C-47CA-B39A-D5B551D01F9B}"
	ProjectSection(SolutionItems) = preProject
		..\Abaca3d_history.txt = ..\Abaca3d_history.txt
		..\TODO.txt = ..\TODO.txt
	EndProjectSection
EndProject
Project("{8BC9CEB8-8B4A-11D0-8D11-00A0C91BC942}") = "utillib", "utillib\util.vcproj", "{312BF9DD-7DA0-4270-B4C6-33FADD0593C2}"
EndProject
Project("{8BC9CEB8-8B4A-11D0-8D11-00A0C91BC942}") = "teologlib", "teologlib\teologlib.vcproj", "{E016D6DF-5CF6-49B7-8191-B8D8AEAC429E}"
EndProject
Project("{8BC9CEB8-8B4A-11D0-8D11-00A0C91BC942}") = "ringmodellib", "ringmodellib\ringmodellib.vcproj", "{85BCCF70-A5FF-4240-A19C-41B578E6675E}"
EndProject
Project("{8BC9CEB8-8B4A-11D0-8D11-00A0C91BC942}") = "objectinterfacelib", "objectinterfacelib\objectinterfacelib.vcproj", "{F894F633-CC26-4908-8A77-AAF0275EFC40}"
EndProject
Project("{8BC9CEB8-8B4A-11D0-8D11-00A0C91BC942}") = "pipelinelib", "pipelinelib\pipelinelib.vcproj", "{50ECC14C-C0CE-433C-BD95-7ACC53132C47}"
EndProject
Project("{8BC9CEB8-8B4A-11D0-8D11-00A0C91BC942}") = "opengllib", "opengllib\opengllib.vcproj", "{81C538B5-ECC5-4C03-A653-79B831FD4350}"
EndProject
Project("{8BC9CEB8-8B4A-11D0-8D11-00A0C91BC942}") = "geolib", "geolib\geolib.vcproj", "{0671B67F-6477-43E1-9254-74EAF6377027}"
EndProject
Project("{8BC9CEB8-8B4A-11D0-8D11-00A0C91BC942}") = "license", "..\..\license\src\license.vcproj", "{944E9457-B5E9-404F-97B9-7B15003A370C}"
EndProject
Project("{8BC9CEB8-8B4A-11D0-8D11-00A0C91BC942}") = "imagelib", "imagelib\ManagePCData.vcproj", "{C3C7CCB5-3B9D-4571-9729-FD3D40F72DC0}"
EndProject
Project("{8BC9CEB8-8B4A-11D0-8D11-00A0C91BC942}") = "licensenetlib", "license.net\license.net.vcproj", "{E82698D4-A39A-4256-8A8B-49654606A2ED}"
EndProject
Project("{8BC9CEB8-8B4A-11D0-8D11-00A0C91BC942}") = "enum_processes", "enum_processes\enum_processes.vcproj", "{0A96C3FE-33A4-4C3F-B5A1-2CC1E2E293A4}"
EndProject
Project("{54435603-DBB4-11D2-8724-00A0C9A8B90C}") = "ringonpcbirthstone_Setup", "RingonpcSetup\RingonpcSetup.vdproj", "{EE808FCA-1BD8-4288-85BE-7BA431738DCA}"
EndProject
Project("{8BC9CEB8-8B4A-11D0-8D11-00A0C91BC942}") = "ringonpc", "ringonpc\ringonpc.vcproj", "{FB1AE610-BE8E-487F-8021-7A9293AED56D}"
EndProject
Project("{8BC9CEB8-8B4A-11D0-8D11-00A0C91BC942}") = "EncryptFiles", "EncryptFiles\EncryptFiles.vcproj", "{195F23D3-8D60-4992-87ED-6B6E87580CF3}"
EndProject
Project("{FAE04EC0-301F-11D3-BF4B-00C04F79EFBC}") = "www.jewelleryonpc.com", "..\..\www.jewelleryonpc.com\www.jewelleryonpc.com.csproj", "{5FF13260-B11C-4D82-9CF7-AC36156B0CB8}"
EndProject
Project("{54435603-DBB4-11D2-8724-00A0C9A8B90C}") = "ringonpcbirthstone_Demo_Setup", "ringonpcbirthstone_Demo_Setup\ringonpcbirthstone_Demo_Setup.vdproj", "{8EA3F919-EB29-4D77-A39C-2496BD2903C3}"
EndProject
Global
	GlobalSection(SolutionConfigurationPlatforms) = preSolution
		Debug|.NET = Debug|.NET
		Debug|Any CPU = Debug|Any CPU
		Debug|Mixed Platforms = Debug|Mixed Platforms
		Debug|Win32 = Debug|Win32
		Debug|x64 = Debug|x64
		DemoDebug|.NET = DemoDebug|.NET
		DemoDebug|Any CPU = DemoDebug|Any CPU
		DemoDebug|Mixed Platforms = DemoDebug|Mixed Platforms
		DemoDebug|Win32 = DemoDebug|Win32
		DemoDebug|x64 = DemoDebug|x64
		DemoRelease|.NET = DemoRelease|.NET
		DemoRelease|Any CPU = DemoRelease|Any CPU
		DemoRelease|Mixed Platforms = DemoRelease|Mixed Platforms
		DemoRelease|Win32 = DemoRelease|Win32
		DemoRelease|x64 = DemoRelease|x64
		Profile|.NET = Profile|.NET
		Profile|Any CPU = Profile|Any CPU
		Profile|Mixed Platforms = Profile|Mixed Platforms
		Profile|Win32 = Profile|Win32
		Profile|x64 = Profile|x64
		Release|.NET = Release|.NET
		Release|Any CPU = Release|Any CPU
		Release|Mixed Platforms = Release|Mixed Platforms
		Release|Win32 = Release|Win32
		Release|x64 = Release|x64
		ReleaseStandardUnicode|.NET = ReleaseStandardUnicode|.NET
		ReleaseStandardUnicode|Any CPU = ReleaseStandardUnicode|Any CPU
		ReleaseStandardUnicode|Mixed Platforms = ReleaseStandardUnicode|Mixed Platforms
		ReleaseStandardUnicode|Win32 = ReleaseStandardUnicode|Win32
		ReleaseStandardUnicode|x64 = ReleaseStandardUnicode|x64
		ReleaseStandardUnicodeDebug|.NET = ReleaseStandardUnicodeDebug|.NET
		ReleaseStandardUnicodeDebug|Any CPU = ReleaseStandardUnicodeDebug|Any CPU
		ReleaseStandardUnicodeDebug|Mixed Platforms = ReleaseStandardUnicodeDebug|Mixed Platforms
		ReleaseStandardUnicodeDebug|Win32 = ReleaseStandardUnicodeDebug|Win32
		ReleaseStandardUnicodeDebug|x64 = ReleaseStandardUnicodeDebug|x64
		ReleaseTools|.NET = ReleaseTools|.NET
		ReleaseTools|Any CPU = ReleaseTools|Any CPU
		ReleaseTools|Mixed Platforms = ReleaseTools|Mixed Platforms
		ReleaseTools|Win32 = ReleaseTools|Win32
		ReleaseTools|x64 = ReleaseTools|x64
	EndGlobalSection
	GlobalSection(ProjectConfigurationPlatforms) = postSolution
		{C5B18FBC-35EF-4145-9235-5DBB3872B2F6}.Debug|.NET.ActiveCfg = Debug|Win32
		{C5B18FBC-35EF-4145-9235-5DBB3872B2F6}.Debug|Any CPU.ActiveCfg = Debug|Win32
		{C5B18FBC-35EF-4145-9235-5DBB3872B2F6}.Debug|Mixed Platforms.ActiveCfg = Debug|Win32
		{C5B18FBC-35EF-4145-9235-5DBB3872B2F6}.Debug|Mixed Platforms.Build.0 = Debug|Win32
		{C5B18FBC-35EF-4145-9235-5DBB3872B2F6}.Debug|Win32.ActiveCfg = Debug|Win32
		{C5B18FBC-35EF-4145-9235-5DBB3872B2F6}.Debug|Win32.Build.0 = Debug|Win32
		{C5B18FBC-35EF-4145-9235-5DBB3872B2F6}.Debug|x64.ActiveCfg = Debug|Win32
		{C5B18FBC-35EF-4145-9235-5DBB3872B2F6}.DemoDebug|.NET.ActiveCfg = DemoDebug|Win32
		{C5B18FBC-35EF-4145-9235-5DBB3872B2F6}.DemoDebug|Any CPU.ActiveCfg = DemoDebug|Win32
		{C5B18FBC-35EF-4145-9235-5DBB3872B2F6}.DemoDebug|Mixed Platforms.ActiveCfg = DemoDebug|Win32
		{C5B18FBC-35EF-4145-9235-5DBB3872B2F6}.DemoDebug|Mixed Platforms.Build.0 = DemoDebug|Win32
		{C5B18FBC-35EF-4145-9235-5DBB3872B2F6}.DemoDebug|Win32.ActiveCfg = DemoDebug|Win32
		{C5B18FBC-35EF-4145-9235-5DBB3872B2F6}.DemoDebug|Win32.Build.0 = DemoDebug|Win32
		{C5B18FBC-35EF-4145-9235-5DBB3872B2F6}.DemoDebug|x64.ActiveCfg = DemoDebug|Win32
		{C5B18FBC-35EF-4145-9235-5DBB3872B2F6}.DemoRelease|.NET.ActiveCfg = DemoRelease|Win32
		{C5B18FBC-35EF-4145-9235-5DBB3872B2F6}.DemoRelease|Any CPU.ActiveCfg = DemoRelease|Win32
		{C5B18FBC-35EF-4145-9235-5DBB3872B2F6}.DemoRelease|Mixed Platforms.ActiveCfg = DemoRelease|Win32
		{C5B18FBC-35EF-4145-9235-5DBB3872B2F6}.DemoRelease|Mixed Platforms.Build.0 = DemoRelease|Win32
		{C5B18FBC-35EF-4145-9235-5DBB3872B2F6}.DemoRelease|Win32.ActiveCfg = DemoRelease|Win32
		{C5B18FBC-35EF-4145-9235-5DBB3872B2F6}.DemoRelease|Win32.Build.0 = DemoRelease|Win32
		{C5B18FBC-35EF-4145-9235-5DBB3872B2F6}.DemoRelease|x64.ActiveCfg = DemoRelease|Win32
		{C5B18FBC-35EF-4145-9235-5DBB3872B2F6}.Profile|.NET.ActiveCfg = Release|Win32
		{C5B18FBC-35EF-4145-9235-5DBB3872B2F6}.Profile|Any CPU.ActiveCfg = Release|Win32
		{C5B18FBC-35EF-4145-9235-5DBB3872B2F6}.Profile|Mixed Platforms.ActiveCfg = Release|Win32
		{C5B18FBC-35EF-4145-9235-5DBB3872B2F6}.Profile|Mixed Platforms.Build.0 = Release|Win32
		{C5B18FBC-35EF-4145-9235-5DBB3872B2F6}.Profile|Win32.ActiveCfg = Release|Win32
		{C5B18FBC-35EF-4145-9235-5DBB3872B2F6}.Profile|Win32.Build.0 = Release|Win32
		{C5B18FBC-35EF-4145-9235-5DBB3872B2F6}.Profile|x64.ActiveCfg = Release|Win32
		{C5B18FBC-35EF-4145-9235-5DBB3872B2F6}.Release|.NET.ActiveCfg = Release|Win32
		{C5B18FBC-35EF-4145-9235-5DBB3872B2F6}.Release|Any CPU.ActiveCfg = Release|Win32
		{C5B18FBC-35EF-4145-9235-5DBB3872B2F6}.Release|Mixed Platforms.ActiveCfg = Release|Win32
		{C5B18FBC-35EF-4145-9235-5DBB3872B2F6}.Release|Mixed Platforms.Build.0 = Release|Win32
		{C5B18FBC-35EF-4145-9235-5DBB3872B2F6}.Release|Win32.ActiveCfg = Release|Win32
		{C5B18FBC-35EF-4145-9235-5DBB3872B2F6}.Release|Win32.Build.0 = Release|Win32
		{C5B18FBC-35EF-4145-9235-5DBB3872B2F6}.Release|x64.ActiveCfg = Release|Win32
		{C5B18FBC-35EF-4145-9235-5DBB3872B2F6}.ReleaseStandardUnicode|.NET.ActiveCfg = ReleaseTools|Win32
		{C5B18FBC-35EF-4145-9235-5DBB3872B2F6}.ReleaseStandardUnicode|Any CPU.ActiveCfg = ReleaseTools|Win32
		{C5B18FBC-35EF-4145-9235-5DBB3872B2F6}.ReleaseStandardUnicode|Mixed Platforms.ActiveCfg = ReleaseTools|Win32
		{C5B18FBC-35EF-4145-9235-5DBB3872B2F6}.ReleaseStandardUnicode|Mixed Platforms.Build.0 = ReleaseTools|Win32
		{C5B18FBC-35EF-4145-9235-5DBB3872B2F6}.ReleaseStandardUnicode|Win32.ActiveCfg = ReleaseTools|Win32
		{C5B18FBC-35EF-4145-9235-5DBB3872B2F6}.ReleaseStandardUnicode|Win32.Build.0 = ReleaseTools|Win32
		{C5B18FBC-35EF-4145-9235-5DBB3872B2F6}.ReleaseStandardUnicode|x64.ActiveCfg = ReleaseTools|Win32
		{C5B18FBC-35EF-4145-9235-5DBB3872B2F6}.ReleaseStandardUnicodeDebug|.NET.ActiveCfg = ReleaseTools|Win32
		{C5B18FBC-35EF-4145-9235-5DBB3872B2F6}.ReleaseStandardUnicodeDebug|Any CPU.ActiveCfg = ReleaseTools|Win32
		{C5B18FBC-35EF-4145-9235-5DBB3872B2F6}.ReleaseStandardUnicodeDebug|Mixed Platforms.ActiveCfg = ReleaseTools|Win32
		{C5B18FBC-35EF-4145-9235-5DBB3872B2F6}.ReleaseStandardUnicodeDebug|Mixed Platforms.Build.0 = ReleaseTools|Win32
		{C5B18FBC-35EF-4145-9235-5DBB3872B2F6}.ReleaseStandardUnicodeDebug|Win32.ActiveCfg = Debug|Win32
		{C5B18FBC-35EF-4145-9235-5DBB3872B2F6}.ReleaseStandardUnicodeDebug|Win32.Build.0 = Debug|Win32
		{C5B18FBC-35EF-4145-9235-5DBB3872B2F6}.ReleaseStandardUnicodeDebug|x64.ActiveCfg = ReleaseTools|Win32
		{C5B18FBC-35EF-4145-9235-5DBB3872B2F6}.ReleaseTools|.NET.ActiveCfg = ReleaseTools|Win32
		{C5B18FBC-35EF-4145-9235-5DBB3872B2F6}.ReleaseTools|Any CPU.ActiveCfg = ReleaseTools|Win32
		{C5B18FBC-35EF-4145-9235-5DBB3872B2F6}.ReleaseTools|Mixed Platforms.ActiveCfg = ReleaseTools|Win32
		{C5B18FBC-35EF-4145-9235-5DBB3872B2F6}.ReleaseTools|Mixed Platforms.Build.0 = ReleaseTools|Win32
		{C5B18FBC-35EF-4145-9235-5DBB3872B2F6}.ReleaseTools|Win32.ActiveCfg = ReleaseTools|Win32
		{C5B18FBC-35EF-4145-9235-5DBB3872B2F6}.ReleaseTools|Win32.Build.0 = ReleaseTools|Win32
		{C5B18FBC-35EF-4145-9235-5DBB3872B2F6}.ReleaseTools|x64.ActiveCfg = ReleaseTools|Win32
		{7A222F85-84AC-458B-9B9D-1F3F59FAA8DE}.Debug|.NET.ActiveCfg = Debug|Win32
		{7A222F85-84AC-458B-9B9D-1F3F59FAA8DE}.Debug|Any CPU.ActiveCfg = Debug|Win32
		{7A222F85-84AC-458B-9B9D-1F3F59FAA8DE}.Debug|Mixed Platforms.ActiveCfg = Debug|Win32
		{7A222F85-84AC-458B-9B9D-1F3F59FAA8DE}.Debug|Mixed Platforms.Build.0 = Debug|Win32
		{7A222F85-84AC-458B-9B9D-1F3F59FAA8DE}.Debug|Win32.ActiveCfg = Debug|Win32
		{7A222F85-84AC-458B-9B9D-1F3F59FAA8DE}.Debug|Win32.Build.0 = Debug|Win32
		{7A222F85-84AC-458B-9B9D-1F3F59FAA8DE}.Debug|x64.ActiveCfg = Debug|Win32
		{7A222F85-84AC-458B-9B9D-1F3F59FAA8DE}.DemoDebug|.NET.ActiveCfg = DemoDebug|Win32
		{7A222F85-84AC-458B-9B9D-1F3F59FAA8DE}.DemoDebug|Any CPU.ActiveCfg = DemoDebug|Win32
		{7A222F85-84AC-458B-9B9D-1F3F59FAA8DE}.DemoDebug|Mixed Platforms.ActiveCfg = DemoDebug|Win32
		{7A222F85-84AC-458B-9B9D-1F3F59FAA8DE}.DemoDebug|Mixed Platforms.Build.0 = DemoDebug|Win32
		{7A222F85-84AC-458B-9B9D-1F3F59FAA8DE}.DemoDebug|Win32.ActiveCfg = DemoDebug|Win32
		{7A222F85-84AC-458B-9B9D-1F3F59FAA8DE}.DemoDebug|Win32.Build.0 = DemoDebug|Win32
		{7A222F85-84AC-458B-9B9D-1F3F59FAA8DE}.DemoDebug|x64.ActiveCfg = DemoDebug|Win32
		{7A222F85-84AC-458B-9B9D-1F3F59FAA8DE}.DemoRelease|.NET.ActiveCfg = DemoRelease|Win32
		{7A222F85-84AC-458B-9B9D-1F3F59FAA8DE}.DemoRelease|Any CPU.ActiveCfg = DemoRelease|Win32
		{7A222F85-84AC-458B-9B9D-1F3F59FAA8DE}.DemoRelease|Mixed Platforms.ActiveCfg = DemoRelease|Win32
		{7A222F85-84AC-458B-9B9D-1F3F59FAA8DE}.DemoRelease|Mixed Platforms.Build.0 = DemoRelease|Win32
		{7A222F85-84AC-458B-9B9D-1F3F59FAA8DE}.DemoRelease|Win32.ActiveCfg = DemoRelease|Win32
		{7A222F85-84AC-458B-9B9D-1F3F59FAA8DE}.DemoRelease|Win32.Build.0 = DemoRelease|Win32
		{7A222F85-84AC-458B-9B9D-1F3F59FAA8DE}.DemoRelease|x64.ActiveCfg = DemoRelease|Win32
		{7A222F85-84AC-458B-9B9D-1F3F59FAA8DE}.Profile|.NET.ActiveCfg = Debug|Win32
		{7A222F85-84AC-458B-9B9D-1F3F59FAA8DE}.Profile|Any CPU.ActiveCfg = Debug|Win32
		{7A222F85-84AC-458B-9B9D-1F3F59FAA8DE}.Profile|Mixed Platforms.ActiveCfg = Debug|Win32
		{7A222F85-84AC-458B-9B9D-1F3F59FAA8DE}.Profile|Mixed Platforms.Build.0 = Debug|Win32
		{7A222F85-84AC-458B-9B9D-1F3F59FAA8DE}.Profile|Win32.ActiveCfg = Debug|Win32
		{7A222F85-84AC-458B-9B9D-1F3F59FAA8DE}.Profile|Win32.Build.0 = Debug|Win32
		{7A222F85-84AC-458B-9B9D-1F3F59FAA8DE}.Profile|x64.ActiveCfg = Debug|Win32
		{7A222F85-84AC-458B-9B9D-1F3F59FAA8DE}.Release|.NET.ActiveCfg = Release|Win32
		{7A222F85-84AC-458B-9B9D-1F3F59FAA8DE}.Release|Any CPU.ActiveCfg = Release|Win32
		{7A222F85-84AC-458B-9B9D-1F3F59FAA8DE}.Release|Mixed Platforms.ActiveCfg = Release|Win32
		{7A222F85-84AC-458B-9B9D-1F3F59FAA8DE}.Release|Mixed Platforms.Build.0 = Release|Win32
		{7A222F85-84AC-458B-9B9D-1F3F59FAA8DE}.Release|Win32.ActiveCfg = Release|Win32
		{7A222F85-84AC-458B-9B9D-1F3F59FAA8DE}.Release|Win32.Build.0 = Release|Win32
		{7A222F85-84AC-458B-9B9D-1F3F59FAA8DE}.Release|x64.ActiveCfg = Release|Win32
		{7A222F85-84AC-458B-9B9D-1F3F59FAA8DE}.ReleaseStandardUnicode|.NET.ActiveCfg = ReleaseTools|Win32
		{7A222F85-84AC-458B-9B9D-1F3F59FAA8DE}.ReleaseStandardUnicode|Any CPU.ActiveCfg = ReleaseTools|Win32
		{7A222F85-84AC-458B-9B9D-1F3F59FAA8DE}.ReleaseStandardUnicode|Mixed Platforms.ActiveCfg = ReleaseTools|Win32
		{7A222F85-84AC-458B-9B9D-1F3F59FAA8DE}.ReleaseStandardUnicode|Mixed Platforms.Build.0 = ReleaseTools|Win32
		{7A222F85-84AC-458B-9B9D-1F3F59FAA8DE}.ReleaseStandardUnicode|Win32.ActiveCfg = ReleaseTools|Win32
		{7A222F85-84AC-458B-9B9D-1F3F59FAA8DE}.ReleaseStandardUnicode|Win32.Build.0 = ReleaseTools|Win32
		{7A222F85-84AC-458B-9B9D-1F3F59FAA8DE}.ReleaseStandardUnicode|x64.ActiveCfg = ReleaseTools|Win32
		{7A222F85-84AC-458B-9B9D-1F3F59FAA8DE}.ReleaseStandardUnicodeDebug|.NET.ActiveCfg = ReleaseTools|Win32
		{7A222F85-84AC-458B-9B9D-1F3F59FAA8DE}.ReleaseStandardUnicodeDebug|Any CPU.ActiveCfg = ReleaseTools|Win32
		{7A222F85-84AC-458B-9B9D-1F3F59FAA8DE}.ReleaseStandardUnicodeDebug|Mixed Platforms.ActiveCfg = ReleaseTools|Win32
		{7A222F85-84AC-458B-9B9D-1F3F59FAA8DE}.ReleaseStandardUnicodeDebug|Mixed Platforms.Build.0 = ReleaseTools|Win32
		{7A222F85-84AC-458B-9B9D-1F3F59FAA8DE}.ReleaseStandardUnicodeDebug|Win32.ActiveCfg = Debug|Win32
		{7A222F85-84AC-458B-9B9D-1F3F59FAA8DE}.ReleaseStandardUnicodeDebug|Win32.Build.0 = Debug|Win32
		{7A222F85-84AC-458B-9B9D-1F3F59FAA8DE}.ReleaseStandardUnicodeDebug|x64.ActiveCfg = ReleaseTools|Win32
		{7A222F85-84AC-458B-9B9D-1F3F59FAA8DE}.ReleaseTools|.NET.ActiveCfg = ReleaseTools|Win32
		{7A222F85-84AC-458B-9B9D-1F3F59FAA8DE}.ReleaseTools|Any CPU.ActiveCfg = ReleaseTools|Win32
		{7A222F85-84AC-458B-9B9D-1F3F59FAA8DE}.ReleaseTools|Mixed Platforms.ActiveCfg = ReleaseTools|Win32
		{7A222F85-84AC-458B-9B9D-1F3F59FAA8DE}.ReleaseTools|Mixed Platforms.Build.0 = ReleaseTools|Win32
		{7A222F85-84AC-458B-9B9D-1F3F59FAA8DE}.ReleaseTools|Win32.ActiveCfg = ReleaseTools|Win32
		{7A222F85-84AC-458B-9B9D-1F3F59FAA8DE}.ReleaseTools|Win32.Build.0 = ReleaseTools|Win32
		{7A222F85-84AC-458B-9B9D-1F3F59FAA8DE}.ReleaseTools|x64.ActiveCfg = ReleaseTools|Win32
		{312BF9DD-7DA0-4270-B4C6-33FADD0593C2}.Debug|.NET.ActiveCfg = Debug|Win32
		{312BF9DD-7DA0-4270-B4C6-33FADD0593C2}.Debug|Any CPU.ActiveCfg = Debug|Win32
		{312BF9DD-7DA0-4270-B4C6-33FADD0593C2}.Debug|Mixed Platforms.ActiveCfg = Debug|Win32
		{312BF9DD-7DA0-4270-B4C6-33FADD0593C2}.Debug|Mixed Platforms.Build.0 = Debug|Win32
		{312BF9DD-7DA0-4270-B4C6-33FADD0593C2}.Debug|Win32.ActiveCfg = Debug|Win32
		{312BF9DD-7DA0-4270-B4C6-33FADD0593C2}.Debug|Win32.Build.0 = Debug|Win32
		{312BF9DD-7DA0-4270-B4C6-33FADD0593C2}.Debug|x64.ActiveCfg = Debug|Win32
		{312BF9DD-7DA0-4270-B4C6-33FADD0593C2}.DemoDebug|.NET.ActiveCfg = DemoDebug|Win32
		{312BF9DD-7DA0-4270-B4C6-33FADD0593C2}.DemoDebug|Any CPU.ActiveCfg = DemoDebug|Win32
		{312BF9DD-7DA0-4270-B4C6-33FADD0593C2}.DemoDebug|Mixed Platforms.ActiveCfg = DemoDebug|Win32
		{312BF9DD-7DA0-4270-B4C6-33FADD0593C2}.DemoDebug|Mixed Platforms.Build.0 = DemoDebug|Win32
		{312BF9DD-7DA0-4270-B4C6-33FADD0593C2}.DemoDebug|Win32.ActiveCfg = DemoDebug|Win32
		{312BF9DD-7DA0-4270-B4C6-33FADD0593C2}.DemoDebug|Win32.Build.0 = DemoDebug|Win32
		{312BF9DD-7DA0-4270-B4C6-33FADD0593C2}.DemoDebug|x64.ActiveCfg = DemoDebug|Win32
		{312BF9DD-7DA0-4270-B4C6-33FADD0593C2}.DemoRelease|.NET.ActiveCfg = DemoRelease|Win32
		{312BF9DD-7DA0-4270-B4C6-33FADD0593C2}.DemoRelease|Any CPU.ActiveCfg = DemoRelease|Win32
		{312BF9DD-7DA0-4270-B4C6-33FADD0593C2}.DemoRelease|Mixed Platforms.ActiveCfg = DemoRelease|Win32
		{312BF9DD-7DA0-4270-B4C6-33FADD0593C2}.DemoRelease|Mixed Platforms.Build.0 = DemoRelease|Win32
		{312BF9DD-7DA0-4270-B4C6-33FADD0593C2}.DemoRelease|Win32.ActiveCfg = DemoRelease|Win32
		{312BF9DD-7DA0-4270-B4C6-33FADD0593C2}.DemoRelease|Win32.Build.0 = DemoRelease|Win32
		{312BF9DD-7DA0-4270-B4C6-33FADD0593C2}.DemoRelease|x64.ActiveCfg = DemoRelease|Win32
		{312BF9DD-7DA0-4270-B4C6-33FADD0593C2}.Profile|.NET.ActiveCfg = Release|Win32
		{312BF9DD-7DA0-4270-B4C6-33FADD0593C2}.Profile|Any CPU.ActiveCfg = Release|Win32
		{312BF9DD-7DA0-4270-B4C6-33FADD0593C2}.Profile|Mixed Platforms.ActiveCfg = Release|Win32
		{312BF9DD-7DA0-4270-B4C6-33FADD0593C2}.Profile|Mixed Platforms.Build.0 = Release|Win32
		{312BF9DD-7DA0-4270-B4C6-33FADD0593C2}.Profile|Win32.ActiveCfg = Release|Win32
		{312BF9DD-7DA0-4270-B4C6-33FADD0593C2}.Profile|Win32.Build.0 = Release|Win32
		{312BF9DD-7DA0-4270-B4C6-33FADD0593C2}.Profile|x64.ActiveCfg = Release|Win32
		{312BF9DD-7DA0-4270-B4C6-33FADD0593C2}.Release|.NET.ActiveCfg = Release|Win32
		{312BF9DD-7DA0-4270-B4C6-33FADD0593C2}.Release|Any CPU.ActiveCfg = Release|Win32
		{312BF9DD-7DA0-4270-B4C6-33FADD0593C2}.Release|Mixed Platforms.ActiveCfg = Release|Win32
		{312BF9DD-7DA0-4270-B4C6-33FADD0593C2}.Release|Mixed Platforms.Build.0 = Release|Win32
		{312BF9DD-7DA0-4270-B4C6-33FADD0593C2}.Release|Win32.ActiveCfg = Release|Win32
		{312BF9DD-7DA0-4270-B4C6-33FADD0593C2}.Release|Win32.Build.0 = Release|Win32
		{312BF9DD-7DA0-4270-B4C6-33FADD0593C2}.Release|x64.ActiveCfg = Release|Win32
		{312BF9DD-7DA0-4270-B4C6-33FADD0593C2}.ReleaseStandardUnicode|.NET.ActiveCfg = ReleaseTools|Win32
		{312BF9DD-7DA0-4270-B4C6-33FADD0593C2}.ReleaseStandardUnicode|Any CPU.ActiveCfg = ReleaseTools|Win32
		{312BF9DD-7DA0-4270-B4C6-33FADD0593C2}.ReleaseStandardUnicode|Mixed Platforms.ActiveCfg = ReleaseTools|Win32
		{312BF9DD-7DA0-4270-B4C6-33FADD0593C2}.ReleaseStandardUnicode|Mixed Platforms.Build.0 = ReleaseTools|Win32
		{312BF9DD-7DA0-4270-B4C6-33FADD0593C2}.ReleaseStandardUnicode|Win32.ActiveCfg = ReleaseTools|Win32
		{312BF9DD-7DA0-4270-B4C6-33FADD0593C2}.ReleaseStandardUnicode|Win32.Build.0 = ReleaseTools|Win32
		{312BF9DD-7DA0-4270-B4C6-33FADD0593C2}.ReleaseStandardUnicode|x64.ActiveCfg = ReleaseTools|Win32
		{312BF9DD-7DA0-4270-B4C6-33FADD0593C2}.ReleaseStandardUnicodeDebug|.NET.ActiveCfg = ReleaseTools|Win32
		{312BF9DD-7DA0-4270-B4C6-33FADD0593C2}.ReleaseStandardUnicodeDebug|Any CPU.ActiveCfg = ReleaseTools|Win32
		{312BF9DD-7DA0-4270-B4C6-33FADD0593C2}.ReleaseStandardUnicodeDebug|Mixed Platforms.ActiveCfg = ReleaseTools|Win32
		{312BF9DD-7DA0-4270-B4C6-33FADD0593C2}.ReleaseStandardUnicodeDebug|Mixed Platforms.Build.0 = ReleaseTools|Win32
		{312BF9DD-7DA0-4270-B4C6-33FADD0593C2}.ReleaseStandardUnicodeDebug|Win32.ActiveCfg = Debug|Win32
		{312BF9DD-7DA0-4270-B4C6-33FADD0593C2}.ReleaseStandardUnicodeDebug|Win32.Build.0 = Debug|Win32
		{312BF9DD-7DA0-4270-B4C6-33FADD0593C2}.ReleaseStandardUnicodeDebug|x64.ActiveCfg = ReleaseTools|Win32
		{312BF9DD-7DA0-4270-B4C6-33FADD0593C2}.ReleaseTools|.NET.ActiveCfg = ReleaseTools|Win32
		{312BF9DD-7DA0-4270-B4C6-33FADD0593C2}.ReleaseTools|Any CPU.ActiveCfg = ReleaseTools|Win32
		{312BF9DD-7DA0-4270-B4C6-33FADD0593C2}.ReleaseTools|Mixed Platforms.ActiveCfg = ReleaseTools|Win32
		{312BF9DD-7DA0-4270-B4C6-33FADD0593C2}.ReleaseTools|Mixed Platforms.Build.0 = ReleaseTools|Win32
		{312BF9DD-7DA0-4270-B4C6-33FADD0593C2}.ReleaseTools|Win32.ActiveCfg = ReleaseTools|Win32
		{312BF9DD-7DA0-4270-B4C6-33FADD0593C2}.ReleaseTools|Win32.Build.0 = ReleaseTools|Win32
		{312BF9DD-7DA0-4270-B4C6-33FADD0593C2}.ReleaseTools|x64.ActiveCfg = ReleaseTools|Win32
		{E016D6DF-5CF6-49B7-8191-B8D8AEAC429E}.Debug|.NET.ActiveCfg = Debug|Win32
		{E016D6DF-5CF6-49B7-8191-B8D8AEAC429E}.Debug|Any CPU.ActiveCfg = Debug|Win32
		{E016D6DF-5CF6-49B7-8191-B8D8AEAC429E}.Debug|Mixed Platforms.ActiveCfg = Debug|Win32
		{E016D6DF-5CF6-49B7-8191-B8D8AEAC429E}.Debug|Mixed Platforms.Build.0 = Debug|Win32
		{E016D6DF-5CF6-49B7-8191-B8D8AEAC429E}.Debug|Win32.ActiveCfg = Debug|Win32
		{E016D6DF-5CF6-49B7-8191-B8D8AEAC429E}.Debug|Win32.Build.0 = Debug|Win32
		{E016D6DF-5CF6-49B7-8191-B8D8AEAC429E}.Debug|x64.ActiveCfg = Debug|Win32
		{E016D6DF-5CF6-49B7-8191-B8D8AEAC429E}.DemoDebug|.NET.ActiveCfg = DemoDebug|Win32
		{E016D6DF-5CF6-49B7-8191-B8D8AEAC429E}.DemoDebug|Any CPU.ActiveCfg = DemoDebug|Win32
		{E016D6DF-5CF6-49B7-8191-B8D8AEAC429E}.DemoDebug|Mixed Platforms.ActiveCfg = DemoDebug|Win32
		{E016D6DF-5CF6-49B7-8191-B8D8AEAC429E}.DemoDebug|Mixed Platforms.Build.0 = DemoDebug|Win32
		{E016D6DF-5CF6-49B7-8191-B8D8AEAC429E}.DemoDebug|Win32.ActiveCfg = DemoDebug|Win32
		{E016D6DF-5CF6-49B7-8191-B8D8AEAC429E}.DemoDebug|Win32.Build.0 = DemoDebug|Win32
		{E016D6DF-5CF6-49B7-8191-B8D8AEAC429E}.DemoDebug|x64.ActiveCfg = DemoDebug|Win32
		{E016D6DF-5CF6-49B7-8191-B8D8AEAC429E}.DemoRelease|.NET.ActiveCfg = DemoRelease|Win32
		{E016D6DF-5CF6-49B7-8191-B8D8AEAC429E}.DemoRelease|Any CPU.ActiveCfg = DemoRelease|Win32
		{E016D6DF-5CF6-49B7-8191-B8D8AEAC429E}.DemoRelease|Mixed Platforms.ActiveCfg = DemoRelease|Win32
		{E016D6DF-5CF6-49B7-8191-B8D8AEAC429E}.DemoRelease|Mixed Platforms.Build.0 = DemoRelease|Win32
		{E016D6DF-5CF6-49B7-8191-B8D8AEAC429E}.DemoRelease|Win32.ActiveCfg = DemoRelease|Win32
		{E016D6DF-5CF6-49B7-8191-B8D8AEAC429E}.DemoRelease|Win32.Build.0 = DemoRelease|Win32
		{E016D6DF-5CF6-49B7-8191-B8D8AEAC429E}.DemoRelease|x64.ActiveCfg = DemoRelease|Win32
		{E016D6DF-5CF6-49B7-8191-B8D8AEAC429E}.Profile|.NET.ActiveCfg = Release|Win32
		{E016D6DF-5CF6-49B7-8191-B8D8AEAC429E}.Profile|Any CPU.ActiveCfg = Release|Win32
		{E016D6DF-5CF6-49B7-8191-B8D8AEAC429E}.Profile|Mixed Platforms.ActiveCfg = Release|Win32
		{E016D6DF-5CF6-49B7-8191-B8D8AEAC429E}.Profile|Mixed Platforms.Build.0 = Release|Win32
		{E016D6DF-5CF6-49B7-8191-B8D8AEAC429E}.Profile|Win32.ActiveCfg = Release|Win32
		{E016D6DF-5CF6-49B7-8191-B8D8AEAC429E}.Profile|Win32.Build.0 = Release|Win32
		{E016D6DF-5CF6-49B7-8191-B8D8AEAC429E}.Profile|x64.ActiveCfg = Release|Win32
		{E016D6DF-5CF6-49B7-8191-B8D8AEAC429E}.Release|.NET.ActiveCfg = Release|Win32
		{E016D6DF-5CF6-49B7-8191-B8D8AEAC429E}.Release|Any CPU.ActiveCfg = Release|Win32
		{E016D6DF-5CF6-49B7-8191-B8D8AEAC429E}.Release|Mixed Platforms.ActiveCfg = Release|Win32
		{E016D6DF-5CF6-49B7-8191-B8D8AEAC429E}.Release|Mixed Platforms.Build.0 = Release|Win32
		{E016D6DF-5CF6-49B7-8191-B8D8AEAC429E}.Release|Win32.ActiveCfg = Release|Win32
		{E016D6DF-5CF6-49B7-8191-B8D8AEAC429E}.Release|Win32.Build.0 = Release|Win32
		{E016D6DF-5CF6-49B7-8191-B8D8AEAC429E}.Release|x64.ActiveCfg = Release|Win32
		{E016D6DF-5CF6-49B7-8191-B8D8AEAC429E}.ReleaseStandardUnicode|.NET.ActiveCfg = ReleaseTools|Win32
		{E016D6DF-5CF6-49B7-8191-B8D8AEAC429E}.ReleaseStandardUnicode|Any CPU.ActiveCfg = ReleaseTools|Win32
		{E016D6DF-5CF6-49B7-8191-B8D8AEAC429E}.ReleaseStandardUnicode|Mixed Platforms.ActiveCfg = ReleaseTools|Win32
		{E016D6DF-5CF6-49B7-8191-B8D8AEAC429E}.ReleaseStandardUnicode|Mixed Platforms.Build.0 = ReleaseTools|Win32
		{E016D6DF-5CF6-49B7-8191-B8D8AEAC429E}.ReleaseStandardUnicode|Win32.ActiveCfg = ReleaseTools|Win32
		{E016D6DF-5CF6-49B7-8191-B8D8AEAC429E}.ReleaseStandardUnicode|Win32.Build.0 = ReleaseTools|Win32
		{E016D6DF-5CF6-49B7-8191-B8D8AEAC429E}.ReleaseStandardUnicode|x64.ActiveCfg = ReleaseTools|Win32
		{E016D6DF-5CF6-49B7-8191-B8D8AEAC429E}.ReleaseStandardUnicodeDebug|.NET.ActiveCfg = ReleaseTools|Win32
		{E016D6DF-5CF6-49B7-8191-B8D8AEAC429E}.ReleaseStandardUnicodeDebug|Any CPU.ActiveCfg = ReleaseTools|Win32
		{E016D6DF-5CF6-49B7-8191-B8D8AEAC429E}.ReleaseStandardUnicodeDebug|Mixed Platforms.ActiveCfg = ReleaseTools|Win32
		{E016D6DF-5CF6-49B7-8191-B8D8AEAC429E}.ReleaseStandardUnicodeDebug|Mixed Platforms.Build.0 = ReleaseTools|Win32
		{E016D6DF-5CF6-49B7-8191-B8D8AEAC429E}.ReleaseStandardUnicodeDebug|Win32.ActiveCfg = Debug|Win32
		{E016D6DF-5CF6-49B7-8191-B8D8AEAC429E}.ReleaseStandardUnicodeDebug|Win32.Build.0 = Debug|Win32
		{E016D6DF-5CF6-49B7-8191-B8D8AEAC429E}.ReleaseStandardUnicodeDebug|x64.ActiveCfg = ReleaseTools|Win32
		{E016D6DF-5CF6-49B7-8191-B8D8AEAC429E}.ReleaseTools|.NET.ActiveCfg = ReleaseTools|Win32
		{E016D6DF-5CF6-49B7-8191-B8D8AEAC429E}.ReleaseTools|Any CPU.ActiveCfg = ReleaseTools|Win32
		{E016D6DF-5CF6-49B7-8191-B8D8AEAC429E}.ReleaseTools|Mixed Platforms.ActiveCfg = ReleaseTools|Win32
		{E016D6DF-5CF6-49B7-8191-B8D8AEAC429E}.ReleaseTools|Mixed Platforms.Build.0 = ReleaseTools|Win32
		{E016D6DF-5CF6-49B7-8191-B8D8AEAC429E}.ReleaseTools|Win32.ActiveCfg = ReleaseTools|Win32
		{E016D6DF-5CF6-49B7-8191-B8D8AEAC429E}.ReleaseTools|Win32.Build.0 = ReleaseTools|Win32
		{E016D6DF-5CF6-49B7-8191-B8D8AEAC429E}.ReleaseTools|x64.ActiveCfg = ReleaseTools|Win32
		{85BCCF70-A5FF-4240-A19C-41B578E6675E}.Debug|.NET.ActiveCfg = Debug|Win32
		{85BCCF70-A5FF-4240-A19C-41B578E6675E}.Debug|Any CPU.ActiveCfg = Debug|Win32
		{85BCCF70-A5FF-4240-A19C-41B578E6675E}.Debug|Mixed Platforms.ActiveCfg = Debug|Win32
		{85BCCF70-A5FF-4240-A19C-41B578E6675E}.Debug|Mixed Platforms.Build.0 = Debug|Win32
		{85BCCF70-A5FF-4240-A19C-41B578E6675E}.Debug|Win32.ActiveCfg = Debug|Win32
		{85BCCF70-A5FF-4240-A19C-41B578E6675E}.Debug|Win32.Build.0 = Debug|Win32
		{85BCCF70-A5FF-4240-A19C-41B578E6675E}.Debug|x64.ActiveCfg = Debug|Win32
		{85BCCF70-A5FF-4240-A19C-41B578E6675E}.DemoDebug|.NET.ActiveCfg = DemoDebug|Win32
		{85BCCF70-A5FF-4240-A19C-41B578E6675E}.DemoDebug|Any CPU.ActiveCfg = DemoDebug|Win32
		{85BCCF70-A5FF-4240-A19C-41B578E6675E}.DemoDebug|Mixed Platforms.ActiveCfg = DemoDebug|Win32
		{85BCCF70-A5FF-4240-A19C-41B578E6675E}.DemoDebug|Mixed Platforms.Build.0 = DemoDebug|Win32
		{85BCCF70-A5FF-4240-A19C-41B578E6675E}.DemoDebug|Win32.ActiveCfg = DemoDebug|Win32
		{85BCCF70-A5FF-4240-A19C-41B578E6675E}.DemoDebug|Win32.Build.0 = DemoDebug|Win32
		{85BCCF70-A5FF-4240-A19C-41B578E6675E}.DemoDebug|x64.ActiveCfg = DemoDebug|Win32
		{85BCCF70-A5FF-4240-A19C-41B578E6675E}.DemoRelease|.NET.ActiveCfg = DemoRelease|Win32
		{85BCCF70-A5FF-4240-A19C-41B578E6675E}.DemoRelease|Any CPU.ActiveCfg = DemoRelease|Win32
		{85BCCF70-A5FF-4240-A19C-41B578E6675E}.DemoRelease|Mixed Platforms.ActiveCfg = DemoRelease|Win32
		{85BCCF70-A5FF-4240-A19C-41B578E6675E}.DemoRelease|Mixed Platforms.Build.0 = DemoRelease|Win32
		{85BCCF70-A5FF-4240-A19C-41B578E6675E}.DemoRelease|Win32.ActiveCfg = DemoRelease|Win32
		{85BCCF70-A5FF-4240-A19C-41B578E6675E}.DemoRelease|Win32.Build.0 = DemoRelease|Win32
		{85BCCF70-A5FF-4240-A19C-41B578E6675E}.DemoRelease|x64.ActiveCfg = DemoRelease|Win32
		{85BCCF70-A5FF-4240-A19C-41B578E6675E}.Profile|.NET.ActiveCfg = Release|Win32
		{85BCCF70-A5FF-4240-A19C-41B578E6675E}.Profile|Any CPU.ActiveCfg = Release|Win32
		{85BCCF70-A5FF-4240-A19C-41B578E6675E}.Profile|Mixed Platforms.ActiveCfg = Release|Win32
		{85BCCF70-A5FF-4240-A19C-41B578E6675E}.Profile|Mixed Platforms.Build.0 = Release|Win32
		{85BCCF70-A5FF-4240-A19C-41B578E6675E}.Profile|Win32.ActiveCfg = Release|Win32
		{85BCCF70-A5FF-4240-A19C-41B578E6675E}.Profile|Win32.Build.0 = Release|Win32
		{85BCCF70-A5FF-4240-A19C-41B578E6675E}.Profile|x64.ActiveCfg = Release|Win32
		{85BCCF70-A5FF-4240-A19C-41B578E6675E}.Release|.NET.ActiveCfg = Release|Win32
		{85BCCF70-A5FF-4240-A19C-41B578E6675E}.Release|Any CPU.ActiveCfg = Release|Win32
		{85BCCF70-A5FF-4240-A19C-41B578E6675E}.Release|Mixed Platforms.ActiveCfg = Release|Win32
		{85BCCF70-A5FF-4240-A19C-41B578E6675E}.Release|Mixed Platforms.Build.0 = Release|Win32
		{85BCCF70-A5FF-4240-A19C-41B578E6675E}.Release|Win32.ActiveCfg = Release|Win32
		{85BCCF70-A5FF-4240-A19C-41B578E6675E}.Release|Win32.Build.0 = Release|Win32
		{85BCCF70-A5FF-4240-A19C-41B578E6675E}.Release|x64.ActiveCfg = Release|Win32
		{85BCCF70-A5FF-4240-A19C-41B578E6675E}.ReleaseStandardUnicode|.NET.ActiveCfg = ReleaseTools|Win32
		{85BCCF70-A5FF-4240-A19C-41B578E6675E}.ReleaseStandardUnicode|Any CPU.ActiveCfg = ReleaseTools|Win32
		{85BCCF70-A5FF-4240-A19C-41B578E6675E}.ReleaseStandardUnicode|Mixed Platforms.ActiveCfg = ReleaseTools|Win32
		{85BCCF70-A5FF-4240-A19C-41B578E6675E}.ReleaseStandardUnicode|Mixed Platforms.Build.0 = ReleaseTools|Win32
		{85BCCF70-A5FF-4240-A19C-41B578E6675E}.ReleaseStandardUnicode|Win32.ActiveCfg = ReleaseTools|Win32
		{85BCCF70-A5FF-4240-A19C-41B578E6675E}.ReleaseStandardUnicode|Win32.Build.0 = ReleaseTools|Win32
		{85BCCF70-A5FF-4240-A19C-41B578E6675E}.ReleaseStandardUnicode|x64.ActiveCfg = ReleaseTools|Win32
		{85BCCF70-A5FF-4240-A19C-41B578E6675E}.ReleaseStandardUnicodeDebug|.NET.ActiveCfg = ReleaseTools|Win32
		{85BCCF70-A5FF-4240-A19C-41B578E6675E}.ReleaseStandardUnicodeDebug|Any CPU.ActiveCfg = ReleaseTools|Win32
		{85BCCF70-A5FF-4240-A19C-41B578E6675E}.ReleaseStandardUnicodeDebug|Mixed Platforms.ActiveCfg = ReleaseTools|Win32
		{85BCCF70-A5FF-4240-A19C-41B578E6675E}.ReleaseStandardUnicodeDebug|Mixed Platforms.Build.0 = ReleaseTools|Win32
		{85BCCF70-A5FF-4240-A19C-41B578E6675E}.ReleaseStandardUnicodeDebug|Win32.ActiveCfg = Debug|Win32
		{85BCCF70-A5FF-4240-A19C-41B578E6675E}.ReleaseStandardUnicodeDebug|Win32.Build.0 = Debug|Win32
		{85BCCF70-A5FF-4240-A19C-41B578E6675E}.ReleaseStandardUnicodeDebug|x64.ActiveCfg = ReleaseTools|Win32
		{85BCCF70-A5FF-4240-A19C-41B578E6675E}.ReleaseTools|.NET.ActiveCfg = ReleaseTools|Win32
		{85BCCF70-A5FF-4240-A19C-41B578E6675E}.ReleaseTools|Any CPU.ActiveCfg = ReleaseTools|Win32
		{85BCCF70-A5FF-4240-A19C-41B578E6675E}.ReleaseTools|Mixed Platforms.ActiveCfg = ReleaseTools|Win32
		{85BCCF70-A5FF-4240-A19C-41B578E6675E}.ReleaseTools|Mixed Platforms.Build.0 = ReleaseTools|Win32
		{85BCCF70-A5FF-4240-A19C-41B578E6675E}.ReleaseTools|Win32.ActiveCfg = ReleaseTools|Win32
		{85BCCF70-A5FF-4240-A19C-41B578E6675E}.ReleaseTools|Win32.Build.0 = ReleaseTools|Win32
		{85BCCF70-A5FF-4240-A19C-41B578E6675E}.ReleaseTools|x64.ActiveCfg = ReleaseTools|Win32
		{F894F633-CC26-4908-8A77-AAF0275EFC40}.Debug|.NET.ActiveCfg = Debug|Win32
		{F894F633-CC26-4908-8A77-AAF0275EFC40}.Debug|Any CPU.ActiveCfg = Debug|Win32
		{F894F633-CC26-4908-8A77-AAF0275EFC40}.Debug|Mixed Platforms.ActiveCfg = Debug|Win32
		{F894F633-CC26-4908-8A77-AAF0275EFC40}.Debug|Mixed Platforms.Build.0 = Debug|Win32
		{F894F633-CC26-4908-8A77-AAF0275EFC40}.Debug|Win32.ActiveCfg = Debug|Win32
		{F894F633-CC26-4908-8A77-AAF0275EFC40}.Debug|Win32.Build.0 = Debug|Win32
		{F894F633-CC26-4908-8A77-AAF0275EFC40}.Debug|x64.ActiveCfg = Debug|Win32
		{F894F633-CC26-4908-8A77-AAF0275EFC40}.DemoDebug|.NET.ActiveCfg = DemoDebug|Win32
		{F894F633-CC26-4908-8A77-AAF0275EFC40}.DemoDebug|Any CPU.ActiveCfg = DemoDebug|Win32
		{F894F633-CC26-4908-8A77-AAF0275EFC40}.DemoDebug|Mixed Platforms.ActiveCfg = DemoDebug|Win32
		{F894F633-CC26-4908-8A77-AAF0275EFC40}.DemoDebug|Mixed Platforms.Build.0 = DemoDebug|Win32
		{F894F633-CC26-4908-8A77-AAF0275EFC40}.DemoDebug|Win32.ActiveCfg = DemoDebug|Win32
		{F894F633-CC26-4908-8A77-AAF0275EFC40}.DemoDebug|Win32.Build.0 = DemoDebug|Win32
		{F894F633-CC26-4908-8A77-AAF0275EFC40}.DemoDebug|x64.ActiveCfg = DemoDebug|Win32
		{F894F633-CC26-4908-8A77-AAF0275EFC40}.DemoRelease|.NET.ActiveCfg = DemoRelease|Win32
		{F894F633-CC26-4908-8A77-AAF0275EFC40}.DemoRelease|Any CPU.ActiveCfg = DemoRelease|Win32
		{F894F633-CC26-4908-8A77-AAF0275EFC40}.DemoRelease|Mixed Platforms.ActiveCfg = DemoRelease|Win32
		{F894F633-CC26-4908-8A77-AAF0275EFC40}.DemoRelease|Mixed Platforms.Build.0 = DemoRelease|Win32
		{F894F633-CC26-4908-8A77-AAF0275EFC40}.DemoRelease|Win32.ActiveCfg = DemoRelease|Win32
		{F894F633-CC26-4908-8A77-AAF0275EFC40}.DemoRelease|Win32.Build.0 = DemoRelease|Win32
		{F894F633-CC26-4908-8A77-AAF0275EFC40}.DemoRelease|x64.ActiveCfg = DemoRelease|Win32
		{F894F633-CC26-4908-8A77-AAF0275EFC40}.Profile|.NET.ActiveCfg = Release|Win32
		{F894F633-CC26-4908-8A77-AAF0275EFC40}.Profile|Any CPU.ActiveCfg = Release|Win32
		{F894F633-CC26-4908-8A77-AAF0275EFC40}.Profile|Mixed Platforms.ActiveCfg = Release|Win32
		{F894F633-CC26-4908-8A77-AAF0275EFC40}.Profile|Mixed Platforms.Build.0 = Release|Win32
		{F894F633-CC26-4908-8A77-AAF0275EFC40}.Profile|Win32.ActiveCfg = Release|Win32
		{F894F633-CC26-4908-8A77-AAF0275EFC40}.Profile|Win32.Build.0 = Release|Win32
		{F894F633-CC26-4908-8A77-AAF0275EFC40}.Profile|x64.ActiveCfg = Release|Win32
		{F894F633-CC26-4908-8A77-AAF0275EFC40}.Release|.NET.ActiveCfg = Release|Win32
		{F894F633-CC26-4908-8A77-AAF0275EFC40}.Release|Any CPU.ActiveCfg = Release|Win32
		{F894F633-CC26-4908-8A77-AAF0275EFC40}.Release|Mixed Platforms.ActiveCfg = Release|Win32
		{F894F633-CC26-4908-8A77-AAF0275EFC40}.Release|Mixed Platforms.Build.0 = Release|Win32
		{F894F633-CC26-4908-8A77-AAF0275EFC40}.Release|Win32.ActiveCfg = Release|Win32
		{F894F633-CC26-4908-8A77-AAF0275EFC40}.Release|Win32.Build.0 = Release|Win32
		{F894F633-CC26-4908-8A77-AAF0275EFC40}.Release|x64.ActiveCfg = Release|Win32
		{F894F633-CC26-4908-8A77-AAF0275EFC40}.ReleaseStandardUnicode|.NET.ActiveCfg = ReleaseTools|Win32
		{F894F633-CC26-4908-8A77-AAF0275EFC40}.ReleaseStandardUnicode|Any CPU.ActiveCfg = ReleaseTools|Win32
		{F894F633-CC26-4908-8A77-AAF0275EFC40}.ReleaseStandardUnicode|Mixed Platforms.ActiveCfg = ReleaseTools|Win32
		{F894F633-CC26-4908-8A77-AAF0275EFC40}.ReleaseStandardUnicode|Mixed Platforms.Build.0 = ReleaseTools|Win32
		{F894F633-CC26-4908-8A77-AAF0275EFC40}.ReleaseStandardUnicode|Win32.ActiveCfg = ReleaseTools|Win32
		{F894F633-CC26-4908-8A77-AAF0275EFC40}.ReleaseStandardUnicode|Win32.Build.0 = ReleaseTools|Win32
		{F894F633-CC26-4908-8A77-AAF0275EFC40}.ReleaseStandardUnicode|x64.ActiveCfg = ReleaseTools|Win32
		{F894F633-CC26-4908-8A77-AAF0275EFC40}.ReleaseStandardUnicodeDebug|.NET.ActiveCfg = ReleaseTools|Win32
		{F894F633-CC26-4908-8A77-AAF0275EFC40}.ReleaseStandardUnicodeDebug|Any CPU.ActiveCfg = ReleaseTools|Win32
		{F894F633-CC26-4908-8A77-AAF0275EFC40}.ReleaseStandardUnicodeDebug|Mixed Platforms.ActiveCfg = ReleaseTools|Win32
		{F894F633-CC26-4908-8A77-AAF0275EFC40}.ReleaseStandardUnicodeDebug|Mixed Platforms.Build.0 = ReleaseTools|Win32
		{F894F633-CC26-4908-8A77-AAF0275EFC40}.ReleaseStandardUnicodeDebug|Win32.ActiveCfg = Debug|Win32
		{F894F633-CC26-4908-8A77-AAF0275EFC40}.ReleaseStandardUnicodeDebug|Win32.Build.0 = Debug|Win32
		{F894F633-CC26-4908-8A77-AAF0275EFC40}.ReleaseStandardUnicodeDebug|x64.ActiveCfg = ReleaseTools|Win32
		{F894F633-CC26-4908-8A77-AAF0275EFC40}.ReleaseTools|.NET.ActiveCfg = ReleaseTools|Win32
		{F894F633-CC26-4908-8A77-AAF0275EFC40}.ReleaseTools|Any CPU.ActiveCfg = ReleaseTools|Win32
		{F894F633-CC26-4908-8A77-AAF0275EFC40}.ReleaseTools|Mixed Platforms.ActiveCfg = ReleaseTools|Win32
		{F894F633-CC26-4908-8A77-AAF0275EFC40}.ReleaseTools|Mixed Platforms.Build.0 = ReleaseTools|Win32
		{F894F633-CC26-4908-8A77-AAF0275EFC40}.ReleaseTools|Win32.ActiveCfg = ReleaseTools|Win32
		{F894F633-CC26-4908-8A77-AAF0275EFC40}.ReleaseTools|Win32.Build.0 = ReleaseTools|Win32
		{F894F633-CC26-4908-8A77-AAF0275EFC40}.ReleaseTools|x64.ActiveCfg = ReleaseTools|Win32
		{50ECC14C-C0CE-433C-BD95-7ACC53132C47}.Debug|.NET.ActiveCfg = Debug|Win32
		{50ECC14C-C0CE-433C-BD95-7ACC53132C47}.Debug|Any CPU.ActiveCfg = Debug|Win32
		{50ECC14C-C0CE-433C-BD95-7ACC53132C47}.Debug|Mixed Platforms.ActiveCfg = Debug|Win32
		{50ECC14C-C0CE-433C-BD95-7ACC53132C47}.Debug|Mixed Platforms.Build.0 = Debug|Win32
		{50ECC14C-C0CE-433C-BD95-7ACC53132C47}.Debug|Win32.ActiveCfg = Debug|Win32
		{50ECC14C-C0CE-433C-BD95-7ACC53132C47}.Debug|Win32.Build.0 = Debug|Win32
		{50ECC14C-C0CE-433C-BD95-7ACC53132C47}.Debug|x64.ActiveCfg = Debug|Win32
		{50ECC14C-C0CE-433C-BD95-7ACC53132C47}.DemoDebug|.NET.ActiveCfg = DemoDebug|Win32
		{50ECC14C-C0CE-433C-BD95-7ACC53132C47}.DemoDebug|Any CPU.ActiveCfg = DemoDebug|Win32
		{50ECC14C-C0CE-433C-BD95-7ACC53132C47}.DemoDebug|Mixed Platforms.ActiveCfg = DemoDebug|Win32
		{50ECC14C-C0CE-433C-BD95-7ACC53132C47}.DemoDebug|Mixed Platforms.Build.0 = DemoDebug|Win32
		{50ECC14C-C0CE-433C-BD95-7ACC53132C47}.DemoDebug|Win32.ActiveCfg = DemoDebug|Win32
		{50ECC14C-C0CE-433C-BD95-7ACC53132C47}.DemoDebug|Win32.Build.0 = DemoDebug|Win32
		{50ECC14C-C0CE-433C-BD95-7ACC53132C47}.DemoDebug|x64.ActiveCfg = DemoDebug|Win32
		{50ECC14C-C0CE-433C-BD95-7ACC53132C47}.DemoRelease|.NET.ActiveCfg = DemoRelease|Win32
		{50ECC14C-C0CE-433C-BD95-7ACC53132C47}.DemoRelease|Any CPU.ActiveCfg = DemoRelease|Win32
		{50ECC14C-C0CE-433C-BD95-7ACC53132C47}.DemoRelease|Mixed Platforms.ActiveCfg = DemoRelease|Win32
		{50ECC14C-C0CE-433C-BD95-7ACC53132C47}.DemoRelease|Mixed Platforms.Build.0 = DemoRelease|Win32
		{50ECC14C-C0CE-433C-BD95-7ACC53132C47}.DemoRelease|Win32.ActiveCfg = DemoRelease|Win32
		{50ECC14C-C0CE-433C-BD95-7ACC53132C47}.DemoRelease|Win32.Build.0 = DemoRelease|Win32
		{50ECC14C-C0CE-433C-BD95-7ACC53132C47}.DemoRelease|x64.ActiveCfg = DemoRelease|Win32
		{50ECC14C-C0CE-433C-BD95-7ACC53132C47}.Profile|.NET.ActiveCfg = Debug|Win32
		{50ECC14C-C0CE-433C-BD95-7ACC53132C47}.Profile|Any CPU.ActiveCfg = Debug|Win32
		{50ECC14C-C0CE-433C-BD95-7ACC53132C47}.Profile|Mixed Platforms.ActiveCfg = Debug|Win32
		{50ECC14C-C0CE-433C-BD95-7ACC53132C47}.Profile|Mixed Platforms.Build.0 = Debug|Win32
		{50ECC14C-C0CE-433C-BD95-7ACC53132C47}.Profile|Win32.ActiveCfg = Debug|Win32
		{50ECC14C-C0CE-433C-BD95-7ACC53132C47}.Profile|Win32.Build.0 = Debug|Win32
		{50ECC14C-C0CE-433C-BD95-7ACC53132C47}.Profile|x64.ActiveCfg = Debug|Win32
		{50ECC14C-C0CE-433C-BD95-7ACC53132C47}.Release|.NET.ActiveCfg = Release|Win32
		{50ECC14C-C0CE-433C-BD95-7ACC53132C47}.Release|Any CPU.ActiveCfg = Release|Win32
		{50ECC14C-C0CE-433C-BD95-7ACC53132C47}.Release|Mixed Platforms.ActiveCfg = Release|Win32
		{50ECC14C-C0CE-433C-BD95-7ACC53132C47}.Release|Mixed Platforms.Build.0 = Release|Win32
		{50ECC14C-C0CE-433C-BD95-7ACC53132C47}.Release|Win32.ActiveCfg = Release|Win32
		{50ECC14C-C0CE-433C-BD95-7ACC53132C47}.Release|Win32.Build.0 = Release|Win32
		{50ECC14C-C0CE-433C-BD95-7ACC53132C47}.Release|x64.ActiveCfg = Release|Win32
		{50ECC14C-C0CE-433C-BD95-7ACC53132C47}.ReleaseStandardUnicode|.NET.ActiveCfg = ReleaseTools|Win32
		{50ECC14C-C0CE-433C-BD95-7ACC53132C47}.ReleaseStandardUnicode|Any CPU.ActiveCfg = ReleaseTools|Win32
		{50ECC14C-C0CE-433C-BD95-7ACC53132C47}.ReleaseStandardUnicode|Mixed Platforms.ActiveCfg = ReleaseTools|Win32
		{50ECC14C-C0CE-433C-BD95-7ACC53132C47}.ReleaseStandardUnicode|Mixed Platforms.Build.0 = ReleaseTools|Win32
		{50ECC14C-C0CE-433C-BD95-7ACC53132C47}.ReleaseStandardUnicode|Win32.ActiveCfg = ReleaseTools|Win32
		{50ECC14C-C0CE-433C-BD95-7ACC53132C47}.ReleaseStandardUnicode|Win32.Build.0 = ReleaseTools|Win32
		{50ECC14C-C0CE-433C-BD95-7ACC53132C47}.ReleaseStandardUnicode|x64.ActiveCfg = ReleaseTools|Win32
		{50ECC14C-C0CE-433C-BD95-7ACC53132C47}.ReleaseStandardUnicodeDebug|.NET.ActiveCfg = ReleaseTools|Win32
		{50ECC14C-C0CE-433C-BD95-7ACC53132C47}.ReleaseStandardUnicodeDebug|Any CPU.ActiveCfg = ReleaseTools|Win32
		{50ECC14C-C0CE-433C-BD95-7ACC53132C47}.ReleaseStandardUnicodeDebug|Mixed Platforms.ActiveCfg = ReleaseTools|Win32
		{50ECC14C-C0CE-433C-BD95-7ACC53132C47}.ReleaseStandardUnicodeDebug|Mixed Platforms.Build.0 = ReleaseTools|Win32
		{50ECC14C-C0CE-433C-BD95-7ACC53132C47}.ReleaseStandardUnicodeDebug|Win32.ActiveCfg = Debug|Win32
		{50ECC14C-C0CE-433C-BD95-7ACC53132C47}.ReleaseStandardUnicodeDebug|Win32.Build.0 = Debug|Win32
		{50ECC14C-C0CE-433C-BD95-7ACC53132C47}.ReleaseStandardUnicodeDebug|x64.ActiveCfg = ReleaseTools|Win32
		{50ECC14C-C0CE-433C-BD95-7ACC53132C47}.ReleaseTools|.NET.ActiveCfg = ReleaseTools|Win32
		{50ECC14C-C0CE-433C-BD95-7ACC53132C47}.ReleaseTools|Any CPU.ActiveCfg = ReleaseTools|Win32
		{50ECC14C-C0CE-433C-BD95-7ACC53132C47}.ReleaseTools|Mixed Platforms.ActiveCfg = ReleaseTools|Win32
		{50ECC14C-C0CE-433C-BD95-7ACC53132C47}.ReleaseTools|Mixed Platforms.Build.0 = ReleaseTools|Win32
		{50ECC14C-C0CE-433C-BD95-7ACC53132C47}.ReleaseTools|Win32.ActiveCfg = ReleaseTools|Win32
		{50ECC14C-C0CE-433C-BD95-7ACC53132C47}.ReleaseTools|Win32.Build.0 = ReleaseTools|Win32
		{50ECC14C-C0CE-433C-BD95-7ACC53132C47}.ReleaseTools|x64.ActiveCfg = ReleaseTools|Win32
		{81C538B5-ECC5-4C03-A653-79B831FD4350}.Debug|.NET.ActiveCfg = Debug|Win32
		{81C538B5-ECC5-4C03-A653-79B831FD4350}.Debug|Any CPU.ActiveCfg = Debug|Win32
		{81C538B5-ECC5-4C03-A653-79B831FD4350}.Debug|Mixed Platforms.ActiveCfg = Debug|Win32
		{81C538B5-ECC5-4C03-A653-79B831FD4350}.Debug|Mixed Platforms.Build.0 = Debug|Win32
		{81C538B5-ECC5-4C03-A653-79B831FD4350}.Debug|Win32.ActiveCfg = Debug|Win32
		{81C538B5-ECC5-4C03-A653-79B831FD4350}.Debug|Win32.Build.0 = Debug|Win32
		{81C538B5-ECC5-4C03-A653-79B831FD4350}.Debug|x64.ActiveCfg = Debug|Win32
		{81C538B5-ECC5-4C03-A653-79B831FD4350}.DemoDebug|.NET.ActiveCfg = DemoDebug|Win32
		{81C538B5-ECC5-4C03-A653-79B831FD4350}.DemoDebug|Any CPU.ActiveCfg = DemoDebug|Win32
		{81C538B5-ECC5-4C03-A653-79B831FD4350}.DemoDebug|Mixed Platforms.ActiveCfg = DemoDebug|Win32
		{81C538B5-ECC5-4C03-A653-79B831FD4350}.DemoDebug|Mixed Platforms.Build.0 = DemoDebug|Win32
		{81C538B5-ECC5-4C03-A653-79B831FD4350}.DemoDebug|Win32.ActiveCfg = DemoDebug|Win32
		{81C538B5-ECC5-4C03-A653-79B831FD4350}.DemoDebug|Win32.Build.0 = DemoDebug|Win32
		{81C538B5-ECC5-4C03-A653-79B831FD4350}.DemoDebug|x64.ActiveCfg = DemoDebug|Win32
		{81C538B5-ECC5-4C03-A653-79B831FD4350}.DemoRelease|.NET.ActiveCfg = DemoRelease|Win32
		{81C538B5-ECC5-4C03-A653-79B831FD4350}.DemoRelease|Any CPU.ActiveCfg = DemoRelease|Win32
		{81C538B5-ECC5-4C03-A653-79B831FD4350}.DemoRelease|Mixed Platforms.ActiveCfg = DemoRelease|Win32
		{81C538B5-ECC5-4C03-A653-79B831FD4350}.DemoRelease|Mixed Platforms.Build.0 = DemoRelease|Win32
		{81C538B5-ECC5-4C03-A653-79B831FD4350}.DemoRelease|Win32.ActiveCfg = DemoRelease|Win32
		{81C538B5-ECC5-4C03-A653-79B831FD4350}.DemoRelease|Win32.Build.0 = DemoRelease|Win32
		{81C538B5-ECC5-4C03-A653-79B831FD4350}.DemoRelease|x64.ActiveCfg = DemoRelease|Win32
		{81C538B5-ECC5-4C03-A653-79B831FD4350}.Profile|.NET.ActiveCfg = Release|Win32
		{81C538B5-ECC5-4C03-A653-79B831FD4350}.Profile|Any CPU.ActiveCfg = Release|Win32
		{81C538B5-ECC5-4C03-A653-79B831FD4350}.Profile|Mixed Platforms.ActiveCfg = Release|Win32
		{81C538B5-ECC5-4C03-A653-79B831FD4350}.Profile|Mixed Platforms.Build.0 = Release|Win32
		{81C538B5-ECC5-4C03-A653-79B831FD4350}.Profile|Win32.ActiveCfg = Release|Win32
		{81C538B5-ECC5-4C03-A653-79B831FD4350}.Profile|Win32.Build.0 = Release|Win32
		{81C538B5-ECC5-4C03-A653-79B831FD4350}.Profile|x64.ActiveCfg = Release|Win32
		{81C538B5-ECC5-4C03-A653-79B831FD4350}.Release|.NET.ActiveCfg = Release|Win32
		{81C538B5-ECC5-4C03-A653-79B831FD4350}.Release|Any CPU.ActiveCfg = Release|Win32
		{81C538B5-ECC5-4C03-A653-79B831FD4350}.Release|Mixed Platforms.ActiveCfg = Release|Win32
		{81C538B5-ECC5-4C03-A653-79B831FD4350}.Release|Mixed Platforms.Build.0 = Release|Win32
		{81C538B5-ECC5-4C03-A653-79B831FD4350}.Release|Win32.ActiveCfg = Release|Win32
		{81C538B5-ECC5-4C03-A653-79B831FD4350}.Release|Win32.Build.0 = Release|Win32
		{81C538B5-ECC5-4C03-A653-79B831FD4350}.Release|x64.ActiveCfg = Release|Win32
		{81C538B5-ECC5-4C03-A653-79B831FD4350}.ReleaseStandardUnicode|.NET.ActiveCfg = ReleaseTools|Win32
		{81C538B5-ECC5-4C03-A653-79B831FD4350}.ReleaseStandardUnicode|Any CPU.ActiveCfg = ReleaseTools|Win32
		{81C538B5-ECC5-4C03-A653-79B831FD4350}.ReleaseStandardUnicode|Mixed Platforms.ActiveCfg = ReleaseTools|Win32
		{81C538B5-ECC5-4C03-A653-79B831FD4350}.ReleaseStandardUnicode|Mixed Platforms.Build.0 = ReleaseTools|Win32
		{81C538B5-ECC5-4C03-A653-79B831FD4350}.ReleaseStandardUnicode|Win32.ActiveCfg = ReleaseTools|Win32
		{81C538B5-ECC5-4C03-A653-79B831FD4350}.ReleaseStandardUnicode|Win32.Build.0 = ReleaseTools|Win32
		{81C538B5-ECC5-4C03-A653-79B831FD4350}.ReleaseStandardUnicode|x64.ActiveCfg = ReleaseTools|Win32
		{81C538B5-ECC5-4C03-A653-79B831FD4350}.ReleaseStandardUnicodeDebug|.NET.ActiveCfg = ReleaseTools|Win32
		{81C538B5-ECC5-4C03-A653-79B831FD4350}.ReleaseStandardUnicodeDebug|Any CPU.ActiveCfg = ReleaseTools|Win32
		{81C538B5-ECC5-4C03-A653-79B831FD4350}.ReleaseStandardUnicodeDebug|Mixed Platforms.ActiveCfg = ReleaseTools|Win32
		{81C538B5-ECC5-4C03-A653-79B831FD4350}.ReleaseStandardUnicodeDebug|Mixed Platforms.Build.0 = ReleaseTools|Win32
		{81C538B5-ECC5-4C03-A653-79B831FD4350}.ReleaseStandardUnicodeDebug|Win32.ActiveCfg = Debug|Win32
		{81C538B5-ECC5-4C03-A653-79B831FD4350}.ReleaseStandardUnicodeDebug|Win32.Build.0 = Debug|Win32
		{81C538B5-ECC5-4C03-A653-79B831FD4350}.ReleaseStandardUnicodeDebug|x64.ActiveCfg = ReleaseTools|Win32
		{81C538B5-ECC5-4C03-A653-79B831FD4350}.ReleaseTools|.NET.ActiveCfg = ReleaseTools|Win32
		{81C538B5-ECC5-4C03-A653-79B831FD4350}.ReleaseTools|Any CPU.ActiveCfg = ReleaseTools|Win32
		{81C538B5-ECC5-4C03-A653-79B831FD4350}.ReleaseTools|Mixed Platforms.ActiveCfg = ReleaseTools|Win32
		{81C538B5-ECC5-4C03-A653-79B831FD4350}.ReleaseTools|Mixed Platforms.Build.0 = ReleaseTools|Win32
		{81C538B5-ECC5-4C03-A653-79B831FD4350}.ReleaseTools|Win32.ActiveCfg = ReleaseTools|Win32
		{81C538B5-ECC5-4C03-A653-79B831FD4350}.ReleaseTools|Win32.Build.0 = ReleaseTools|Win32
		{81C538B5-ECC5-4C03-A653-79B831FD4350}.ReleaseTools|x64.ActiveCfg = ReleaseTools|Win32
		{0671B67F-6477-43E1-9254-74EAF6377027}.Debug|.NET.ActiveCfg = Debug|Win32
		{0671B67F-6477-43E1-9254-74EAF6377027}.Debug|Any CPU.ActiveCfg = Debug|Win32
		{0671B67F-6477-43E1-9254-74EAF6377027}.Debug|Mixed Platforms.ActiveCfg = Debug|Win32
		{0671B67F-6477-43E1-9254-74EAF6377027}.Debug|Mixed Platforms.Build.0 = Debug|Win32
		{0671B67F-6477-43E1-9254-74EAF6377027}.Debug|Win32.ActiveCfg = Debug|Win32
		{0671B67F-6477-43E1-9254-74EAF6377027}.Debug|Win32.Build.0 = Debug|Win32
		{0671B67F-6477-43E1-9254-74EAF6377027}.Debug|x64.ActiveCfg = Debug|Win32
		{0671B67F-6477-43E1-9254-74EAF6377027}.DemoDebug|.NET.ActiveCfg = DemoDebug|Win32
		{0671B67F-6477-43E1-9254-74EAF6377027}.DemoDebug|Any CPU.ActiveCfg = DemoDebug|Win32
		{0671B67F-6477-43E1-9254-74EAF6377027}.DemoDebug|Mixed Platforms.ActiveCfg = DemoDebug|Win32
		{0671B67F-6477-43E1-9254-74EAF6377027}.DemoDebug|Mixed Platforms.Build.0 = DemoDebug|Win32
		{0671B67F-6477-43E1-9254-74EAF6377027}.DemoDebug|Win32.ActiveCfg = DemoDebug|Win32
		{0671B67F-6477-43E1-9254-74EAF6377027}.DemoDebug|Win32.Build.0 = DemoDebug|Win32
		{0671B67F-6477-43E1-9254-74EAF6377027}.DemoDebug|x64.ActiveCfg = DemoDebug|Win32
		{0671B67F-6477-43E1-9254-74EAF6377027}.DemoRelease|.NET.ActiveCfg = DemoRelease|Win32
		{0671B67F-6477-43E1-9254-74EAF6377027}.DemoRelease|Any CPU.ActiveCfg = DemoRelease|Win32
		{0671B67F-6477-43E1-9254-74EAF6377027}.DemoRelease|Mixed Platforms.ActiveCfg = DemoRelease|Win32
		{0671B67F-6477-43E1-9254-74EAF6377027}.DemoRelease|Mixed Platforms.Build.0 = DemoRelease|Win32
		{0671B67F-6477-43E1-9254-74EAF6377027}.DemoRelease|Win32.ActiveCfg = DemoRelease|Win32
		{0671B67F-6477-43E1-9254-74EAF6377027}.DemoRelease|Win32.Build.0 = DemoRelease|Win32
		{0671B67F-6477-43E1-9254-74EAF6377027}.DemoRelease|x64.ActiveCfg = DemoRelease|Win32
		{0671B67F-6477-43E1-9254-74EAF6377027}.Profile|.NET.ActiveCfg = Release|Win32
		{0671B67F-6477-43E1-9254-74EAF6377027}.Profile|Any CPU.ActiveCfg = Release|Win32
		{0671B67F-6477-43E1-9254-74EAF6377027}.Profile|Mixed Platforms.ActiveCfg = Release|Win32
		{0671B67F-6477-43E1-9254-74EAF6377027}.Profile|Mixed Platforms.Build.0 = Release|Win32
		{0671B67F-6477-43E1-9254-74EAF6377027}.Profile|Win32.ActiveCfg = Release|Win32
		{0671B67F-6477-43E1-9254-74EAF6377027}.Profile|Win32.Build.0 = Release|Win32
		{0671B67F-6477-43E1-9254-74EAF6377027}.Profile|x64.ActiveCfg = Release|Win32
		{0671B67F-6477-43E1-9254-74EAF6377027}.Release|.NET.ActiveCfg = Release|Win32
		{0671B67F-6477-43E1-9254-74EAF6377027}.Release|Any CPU.ActiveCfg = Release|Win32
		{0671B67F-6477-43E1-9254-74EAF6377027}.Release|Mixed Platforms.ActiveCfg = Release|Win32
		{0671B67F-6477-43E1-9254-74EAF6377027}.Release|Mixed Platforms.Build.0 = Release|Win32
		{0671B67F-6477-43E1-9254-74EAF6377027}.Release|Win32.ActiveCfg = Release|Win32
		{0671B67F-6477-43E1-9254-74EAF6377027}.Release|Win32.Build.0 = Release|Win32
		{0671B67F-6477-43E1-9254-74EAF6377027}.Release|x64.ActiveCfg = Release|Win32
		{0671B67F-6477-43E1-9254-74EAF6377027}.ReleaseStandardUnicode|.NET.ActiveCfg = ReleaseTools|Win32
		{0671B67F-6477-43E1-9254-74EAF6377027}.ReleaseStandardUnicode|Any CPU.ActiveCfg = ReleaseTools|Win32
		{0671B67F-6477-43E1-9254-74EAF6377027}.ReleaseStandardUnicode|Mixed Platforms.ActiveCfg = ReleaseTools|Win32
		{0671B67F-6477-43E1-9254-74EAF6377027}.ReleaseStandardUnicode|Mixed Platforms.Build.0 = ReleaseTools|Win32
		{0671B67F-6477-43E1-9254-74EAF6377027}.ReleaseStandardUnicode|Win32.ActiveCfg = ReleaseTools|Win32
		{0671B67F-6477-43E1-9254-74EAF6377027}.ReleaseStandardUnicode|Win32.Build.0 = ReleaseTools|Win32
		{0671B67F-6477-43E1-9254-74EAF6377027}.ReleaseStandardUnicode|x64.ActiveCfg = ReleaseTools|Win32
		{0671B67F-6477-43E1-9254-74EAF6377027}.ReleaseStandardUnicodeDebug|.NET.ActiveCfg = ReleaseTools|Win32
		{0671B67F-6477-43E1-9254-74EAF6377027}.ReleaseStandardUnicodeDebug|Any CPU.ActiveCfg = ReleaseTools|Win32
		{0671B67F-6477-43E1-9254-74EAF6377027}.ReleaseStandardUnicodeDebug|Mixed Platforms.ActiveCfg = ReleaseTools|Win32
		{0671B67F-6477-43E1-9254-74EAF6377027}.ReleaseStandardUnicodeDebug|Mixed Platforms.Build.0 = ReleaseTools|Win32
		{0671B67F-6477-43E1-9254-74EAF6377027}.ReleaseStandardUnicodeDebug|Win32.ActiveCfg = Debug|Win32
		{0671B67F-6477-43E1-9254-74EAF6377027}.ReleaseStandardUnicodeDebug|Win32.Build.0 = Debug|Win32
		{0671B67F-6477-43E1-9254-74EAF6377027}.ReleaseStandardUnicodeDebug|x64.ActiveCfg = ReleaseTools|Win32
		{0671B67F-6477-43E1-9254-74EAF6377027}.ReleaseTools|.NET.ActiveCfg = ReleaseTools|Win32
		{0671B67F-6477-43E1-9254-74EAF6377027}.ReleaseTools|Any CPU.ActiveCfg = ReleaseTools|Win32
		{0671B67F-6477-43E1-9254-74EAF6377027}.ReleaseTools|Mixed Platforms.ActiveCfg = ReleaseTools|Win32
		{0671B67F-6477-43E1-9254-74EAF6377027}.ReleaseTools|Mixed Platforms.Build.0 = ReleaseTools|Win32
		{0671B67F-6477-43E1-9254-74EAF6377027}.ReleaseTools|Win32.ActiveCfg = ReleaseTools|Win32
		{0671B67F-6477-43E1-9254-74EAF6377027}.ReleaseTools|Win32.Build.0 = ReleaseTools|Win32
		{0671B67F-6477-43E1-9254-74EAF6377027}.ReleaseTools|x64.ActiveCfg = ReleaseTools|Win32
		{944E9457-B5E9-404F-97B9-7B15003A370C}.Debug|.NET.ActiveCfg = Debug|Win32
		{944E9457-B5E9-404F-97B9-7B15003A370C}.Debug|Any CPU.ActiveCfg = Debug|Win32
		{944E9457-B5E9-404F-97B9-7B15003A370C}.Debug|Mixed Platforms.ActiveCfg = Debug|Win32
		{944E9457-B5E9-404F-97B9-7B15003A370C}.Debug|Mixed Platforms.Build.0 = Debug|Win32
		{944E9457-B5E9-404F-97B9-7B15003A370C}.Debug|Win32.ActiveCfg = Debug|Win32
		{944E9457-B5E9-404F-97B9-7B15003A370C}.Debug|Win32.Build.0 = Debug|Win32
		{944E9457-B5E9-404F-97B9-7B15003A370C}.Debug|x64.ActiveCfg = Debug|Win32
		{944E9457-B5E9-404F-97B9-7B15003A370C}.DemoDebug|.NET.ActiveCfg = DemoDebug|Win32
		{944E9457-B5E9-404F-97B9-7B15003A370C}.DemoDebug|Any CPU.ActiveCfg = DemoDebug|Win32
		{944E9457-B5E9-404F-97B9-7B15003A370C}.DemoDebug|Mixed Platforms.ActiveCfg = DemoDebug|Win32
		{944E9457-B5E9-404F-97B9-7B15003A370C}.DemoDebug|Mixed Platforms.Build.0 = DemoDebug|Win32
		{944E9457-B5E9-404F-97B9-7B15003A370C}.DemoDebug|Win32.ActiveCfg = DemoDebug|Win32
		{944E9457-B5E9-404F-97B9-7B15003A370C}.DemoDebug|Win32.Build.0 = DemoDebug|Win32
		{944E9457-B5E9-404F-97B9-7B15003A370C}.DemoDebug|x64.ActiveCfg = DemoDebug|Win32
		{944E9457-B5E9-404F-97B9-7B15003A370C}.DemoRelease|.NET.ActiveCfg = DemoRelease|Win32
		{944E9457-B5E9-404F-97B9-7B15003A370C}.DemoRelease|Any CPU.ActiveCfg = DemoRelease|Win32
		{944E9457-B5E9-404F-97B9-7B15003A370C}.DemoRelease|Mixed Platforms.ActiveCfg = DemoRelease|Win32
		{944E9457-B5E9-404F-97B9-7B15003A370C}.DemoRelease|Mixed Platforms.Build.0 = DemoRelease|Win32
		{944E9457-B5E9-404F-97B9-7B15003A370C}.DemoRelease|Win32.ActiveCfg = DemoRelease|Win32
		{944E9457-B5E9-404F-97B9-7B15003A370C}.DemoRelease|Win32.Build.0 = DemoRelease|Win32
		{944E9457-B5E9-404F-97B9-7B15003A370C}.DemoRelease|x64.ActiveCfg = DemoRelease|Win32
		{944E9457-B5E9-404F-97B9-7B15003A370C}.Profile|.NET.ActiveCfg = Debug|Win32
		{944E9457-B5E9-404F-97B9-7B15003A370C}.Profile|Any CPU.ActiveCfg = Debug|Win32
		{944E9457-B5E9-404F-97B9-7B15003A370C}.Profile|Mixed Platforms.ActiveCfg = Debug|Win32
		{944E9457-B5E9-404F-97B9-7B15003A370C}.Profile|Mixed Platforms.Build.0 = Debug|Win32
		{944E9457-B5E9-404F-97B9-7B15003A370C}.Profile|Win32.ActiveCfg = Debug|Win32
		{944E9457-B5E9-404F-97B9-7B15003A370C}.Profile|Win32.Build.0 = Debug|Win32
		{944E9457-B5E9-404F-97B9-7B15003A370C}.Profile|x64.ActiveCfg = Debug|Win32
		{944E9457-B5E9-404F-97B9-7B15003A370C}.Release|.NET.ActiveCfg = Release|Win32
		{944E9457-B5E9-404F-97B9-7B15003A370C}.Release|Any CPU.ActiveCfg = Release|Win32
		{944E9457-B5E9-404F-97B9-7B15003A370C}.Release|Mixed Platforms.ActiveCfg = Release|Win32
		{944E9457-B5E9-404F-97B9-7B15003A370C}.Release|Mixed Platforms.Build.0 = Release|Win32
		{944E9457-B5E9-404F-97B9-7B15003A370C}.Release|Win32.ActiveCfg = Release|Win32
		{944E9457-B5E9-404F-97B9-7B15003A370C}.Release|Win32.Build.0 = Release|Win32
		{944E9457-B5E9-404F-97B9-7B15003A370C}.Release|x64.ActiveCfg = Release|Win32
		{944E9457-B5E9-404F-97B9-7B15003A370C}.ReleaseStandardUnicode|.NET.ActiveCfg = ReleaseStandardUnicode|Win32
		{944E9457-B5E9-404F-97B9-7B15003A370C}.ReleaseStandardUnicode|Any CPU.ActiveCfg = ReleaseStandardUnicode|Win32
		{944E9457-B5E9-404F-97B9-7B15003A370C}.ReleaseStandardUnicode|Mixed Platforms.ActiveCfg = ReleaseStandardUnicode|Win32
		{944E9457-B5E9-404F-97B9-7B15003A370C}.ReleaseStandardUnicode|Mixed Platforms.Build.0 = ReleaseStandardUnicode|Win32
		{944E9457-B5E9-404F-97B9-7B15003A370C}.ReleaseStandardUnicode|Win32.ActiveCfg = ReleaseStandardUnicode|Win32
		{944E9457-B5E9-404F-97B9-7B15003A370C}.ReleaseStandardUnicode|Win32.Build.0 = ReleaseStandardUnicode|Win32
		{944E9457-B5E9-404F-97B9-7B15003A370C}.ReleaseStandardUnicode|x64.ActiveCfg = ReleaseStandardUnicode|Win32
		{944E9457-B5E9-404F-97B9-7B15003A370C}.ReleaseStandardUnicodeDebug|.NET.ActiveCfg = ReleaseStandardUnicodeDebug|Win32
		{944E9457-B5E9-404F-97B9-7B15003A370C}.ReleaseStandardUnicodeDebug|Any CPU.ActiveCfg = ReleaseStandardUnicodeDebug|Win32
		{944E9457-B5E9-404F-97B9-7B15003A370C}.ReleaseStandardUnicodeDebug|Mixed Platforms.ActiveCfg = ReleaseStandardUnicodeDebug|Win32
		{944E9457-B5E9-404F-97B9-7B15003A370C}.ReleaseStandardUnicodeDebug|Mixed Platforms.Build.0 = ReleaseStandardUnicodeDebug|Win32
		{944E9457-B5E9-404F-97B9-7B15003A370C}.ReleaseStandardUnicodeDebug|Win32.ActiveCfg = ReleaseStandardUnicodeDebug|Win32
		{944E9457-B5E9-404F-97B9-7B15003A370C}.ReleaseStandardUnicodeDebug|Win32.Build.0 = ReleaseStandardUnicodeDebug|Win32
		{944E9457-B5E9-404F-97B9-7B15003A370C}.ReleaseStandardUnicodeDebug|x64.ActiveCfg = ReleaseStandardUnicodeDebug|Win32
		{944E9457-B5E9-404F-97B9-7B15003A370C}.ReleaseTools|.NET.ActiveCfg = ReleaseTools|Win32
		{944E9457-B5E9-404F-97B9-7B15003A370C}.ReleaseTools|Any CPU.ActiveCfg = ReleaseTools|Win32
		{944E9457-B5E9-404F-97B9-7B15003A370C}.ReleaseTools|Mixed Platforms.ActiveCfg = ReleaseTools|Win32
		{944E9457-B5E9-404F-97B9-7B15003A370C}.ReleaseTools|Mixed Platforms.Build.0 = ReleaseTools|Win32
		{944E9457-B5E9-404F-97B9-7B15003A370C}.ReleaseTools|Win32.ActiveCfg = ReleaseTools|Win32
		{944E9457-B5E9-404F-97B9-7B15003A370C}.ReleaseTools|Win32.Build.0 = ReleaseTools|Win32
		{944E9457-B5E9-404F-97B9-7B15003A370C}.ReleaseTools|x64.ActiveCfg = ReleaseTools|Win32
		{C3C7CCB5-3B9D-4571-9729-FD3D40F72DC0}.Debug|.NET.ActiveCfg = Debug|Win32
		{C3C7CCB5-3B9D-4571-9729-FD3D40F72DC0}.Debug|Any CPU.ActiveCfg = Debug|Win32
		{C3C7CCB5-3B9D-4571-9729-FD3D40F72DC0}.Debug|Mixed Platforms.ActiveCfg = Debug|Win32
		{C3C7CCB5-3B9D-4571-9729-FD3D40F72DC0}.Debug|Mixed Platforms.Build.0 = Debug|Win32
		{C3C7CCB5-3B9D-4571-9729-FD3D40F72DC0}.Debug|Win32.ActiveCfg = Debug|Win32
		{C3C7CCB5-3B9D-4571-9729-FD3D40F72DC0}.Debug|Win32.Build.0 = Debug|Win32
		{C3C7CCB5-3B9D-4571-9729-FD3D40F72DC0}.Debug|x64.ActiveCfg = Debug|Win32
		{C3C7CCB5-3B9D-4571-9729-FD3D40F72DC0}.DemoDebug|.NET.ActiveCfg = DemoDebug|Win32
		{C3C7CCB5-3B9D-4571-9729-FD3D40F72DC0}.DemoDebug|Any CPU.ActiveCfg = DemoDebug|Win32
		{C3C7CCB5-3B9D-4571-9729-FD3D40F72DC0}.DemoDebug|Mixed Platforms.ActiveCfg = DemoDebug|Win32
		{C3C7CCB5-3B9D-4571-9729-FD3D40F72DC0}.DemoDebug|Mixed Platforms.Build.0 = DemoDebug|Win32
		{C3C7CCB5-3B9D-4571-9729-FD3D40F72DC0}.DemoDebug|Win32.ActiveCfg = DemoDebug|Win32
		{C3C7CCB5-3B9D-4571-9729-FD3D40F72DC0}.DemoDebug|Win32.Build.0 = DemoDebug|Win32
		{C3C7CCB5-3B9D-4571-9729-FD3D40F72DC0}.DemoDebug|x64.ActiveCfg = DemoDebug|Win32
		{C3C7CCB5-3B9D-4571-9729-FD3D40F72DC0}.DemoRelease|.NET.ActiveCfg = DemoRelease|Win32
		{C3C7CCB5-3B9D-4571-9729-FD3D40F72DC0}.DemoRelease|Any CPU.ActiveCfg = DemoRelease|Win32
		{C3C7CCB5-3B9D-4571-9729-FD3D40F72DC0}.DemoRelease|Mixed Platforms.ActiveCfg = DemoRelease|Win32
		{C3C7CCB5-3B9D-4571-9729-FD3D40F72DC0}.DemoRelease|Mixed Platforms.Build.0 = DemoRelease|Win32
		{C3C7CCB5-3B9D-4571-9729-FD3D40F72DC0}.DemoRelease|Win32.ActiveCfg = DemoRelease|Win32
		{C3C7CCB5-3B9D-4571-9729-FD3D40F72DC0}.DemoRelease|Win32.Build.0 = DemoRelease|Win32
		{C3C7CCB5-3B9D-4571-9729-FD3D40F72DC0}.DemoRelease|x64.ActiveCfg = DemoRelease|Win32
		{C3C7CCB5-3B9D-4571-9729-FD3D40F72DC0}.Profile|.NET.ActiveCfg = Release|Win32
		{C3C7CCB5-3B9D-4571-9729-FD3D40F72DC0}.Profile|Any CPU.ActiveCfg = Release|Win32
		{C3C7CCB5-3B9D-4571-9729-FD3D40F72DC0}.Profile|Mixed Platforms.ActiveCfg = Release|Win32
		{C3C7CCB5-3B9D-4571-9729-FD3D40F72DC0}.Profile|Mixed Platforms.Build.0 = Release|Win32
		{C3C7CCB5-3B9D-4571-9729-FD3D40F72DC0}.Profile|Win32.ActiveCfg = Release|Win32
		{C3C7CCB5-3B9D-4571-9729-FD3D40F72DC0}.Profile|Win32.Build.0 = Release|Win32
		{C3C7CCB5-3B9D-4571-9729-FD3D40F72DC0}.Profile|x64.ActiveCfg = Release|Win32
		{C3C7CCB5-3B9D-4571-9729-FD3D40F72DC0}.Release|.NET.ActiveCfg = Release|Win32
		{C3C7CCB5-3B9D-4571-9729-FD3D40F72DC0}.Release|Any CPU.ActiveCfg = Release|Win32
		{C3C7CCB5-3B9D-4571-9729-FD3D40F72DC0}.Release|Mixed Platforms.ActiveCfg = Release|Win32
		{C3C7CCB5-3B9D-4571-9729-FD3D40F72DC0}.Release|Mixed Platforms.Build.0 = Release|Win32
		{C3C7CCB5-3B9D-4571-9729-FD3D40F72DC0}.Release|Win32.ActiveCfg = Release|Win32
		{C3C7CCB5-3B9D-4571-9729-FD3D40F72DC0}.Release|Win32.Build.0 = Release|Win32
		{C3C7CCB5-3B9D-4571-9729-FD3D40F72DC0}.Release|x64.ActiveCfg = Release|Win32
		{C3C7CCB5-3B9D-4571-9729-FD3D40F72DC0}.ReleaseStandardUnicode|.NET.ActiveCfg = ReleaseTools|Win32
		{C3C7CCB5-3B9D-4571-9729-FD3D40F72DC0}.ReleaseStandardUnicode|Any CPU.ActiveCfg = ReleaseTools|Win32
		{C3C7CCB5-3B9D-4571-9729-FD3D40F72DC0}.ReleaseStandardUnicode|Mixed Platforms.ActiveCfg = ReleaseTools|Win32
		{C3C7CCB5-3B9D-4571-9729-FD3D40F72DC0}.ReleaseStandardUnicode|Mixed Platforms.Build.0 = ReleaseTools|Win32
		{C3C7CCB5-3B9D-4571-9729-FD3D40F72DC0}.ReleaseStandardUnicode|Win32.ActiveCfg = ReleaseTools|Win32
		{C3C7CCB5-3B9D-4571-9729-FD3D40F72DC0}.ReleaseStandardUnicode|Win32.Build.0 = ReleaseTools|Win32
		{C3C7CCB5-3B9D-4571-9729-FD3D40F72DC0}.ReleaseStandardUnicode|x64.ActiveCfg = ReleaseTools|Win32
		{C3C7CCB5-3B9D-4571-9729-FD3D40F72DC0}.ReleaseStandardUnicodeDebug|.NET.ActiveCfg = ReleaseTools|Win32
		{C3C7CCB5-3B9D-4571-9729-FD3D40F72DC0}.ReleaseStandardUnicodeDebug|Any CPU.ActiveCfg = ReleaseTools|Win32
		{C3C7CCB5-3B9D-4571-9729-FD3D40F72DC0}.ReleaseStandardUnicodeDebug|Mixed Platforms.ActiveCfg = ReleaseTools|Win32
		{C3C7CCB5-3B9D-4571-9729-FD3D40F72DC0}.ReleaseStandardUnicodeDebug|Mixed Platforms.Build.0 = ReleaseTools|Win32
		{C3C7CCB5-3B9D-4571-9729-FD3D40F72DC0}.ReleaseStandardUnicodeDebug|Win32.ActiveCfg = Debug|Win32
		{C3C7CCB5-3B9D-4571-9729-FD3D40F72DC0}.ReleaseStandardUnicodeDebug|Win32.Build.0 = Debug|Win32
		{C3C7CCB5-3B9D-4571-9729-FD3D40F72DC0}.ReleaseStandardUnicodeDebug|x64.ActiveCfg = ReleaseTools|Win32
		{C3C7CCB5-3B9D-4571-9729-FD3D40F72DC0}.ReleaseTools|.NET.ActiveCfg = ReleaseTools|Win32
		{C3C7CCB5-3B9D-4571-9729-FD3D40F72DC0}.ReleaseTools|Any CPU.ActiveCfg = ReleaseTools|Win32
		{C3C7CCB5-3B9D-4571-9729-FD3D40F72DC0}.ReleaseTools|Mixed Platforms.ActiveCfg = ReleaseTools|Win32
		{C3C7CCB5-3B9D-4571-9729-FD3D40F72DC0}.ReleaseTools|Mixed Platforms.Build.0 = ReleaseTools|Win32
		{C3C7CCB5-3B9D-4571-9729-FD3D40F72DC0}.ReleaseTools|Win32.ActiveCfg = ReleaseTools|Win32
		{C3C7CCB5-3B9D-4571-9729-FD3D40F72DC0}.ReleaseTools|Win32.Build.0 = ReleaseTools|Win32
		{C3C7CCB5-3B9D-4571-9729-FD3D40F72DC0}.ReleaseTools|x64.ActiveCfg = ReleaseTools|Win32
		{E82698D4-A39A-4256-8A8B-49654606A2ED}.Debug|.NET.ActiveCfg = Debug|Win32
		{E82698D4-A39A-4256-8A8B-49654606A2ED}.Debug|Any CPU.ActiveCfg = Debug|Win32
		{E82698D4-A39A-4256-8A8B-49654606A2ED}.Debug|Mixed Platforms.ActiveCfg = Debug|Win32
		{E82698D4-A39A-4256-8A8B-49654606A2ED}.Debug|Mixed Platforms.Build.0 = Debug|Win32
		{E82698D4-A39A-4256-8A8B-49654606A2ED}.Debug|Win32.ActiveCfg = Debug|Win32
		{E82698D4-A39A-4256-8A8B-49654606A2ED}.Debug|Win32.Build.0 = Debug|Win32
		{E82698D4-A39A-4256-8A8B-49654606A2ED}.Debug|x64.ActiveCfg = Debug|Win32
		{E82698D4-A39A-4256-8A8B-49654606A2ED}.DemoDebug|.NET.ActiveCfg = DemoDebug|Win32
		{E82698D4-A39A-4256-8A8B-49654606A2ED}.DemoDebug|Any CPU.ActiveCfg = DemoDebug|Win32
		{E82698D4-A39A-4256-8A8B-49654606A2ED}.DemoDebug|Mixed Platforms.ActiveCfg = DemoDebug|Win32
		{E82698D4-A39A-4256-8A8B-49654606A2ED}.DemoDebug|Mixed Platforms.Build.0 = DemoDebug|Win32
		{E82698D4-A39A-4256-8A8B-49654606A2ED}.DemoDebug|Win32.ActiveCfg = DemoDebug|Win32
		{E82698D4-A39A-4256-8A8B-49654606A2ED}.DemoDebug|Win32.Build.0 = DemoDebug|Win32
		{E82698D4-A39A-4256-8A8B-49654606A2ED}.DemoDebug|x64.ActiveCfg = DemoDebug|Win32
		{E82698D4-A39A-4256-8A8B-49654606A2ED}.DemoRelease|.NET.ActiveCfg = DemoRelease|Win32
		{E82698D4-A39A-4256-8A8B-49654606A2ED}.DemoRelease|Any CPU.ActiveCfg = DemoRelease|Win32
		{E82698D4-A39A-4256-8A8B-49654606A2ED}.DemoRelease|Mixed Platforms.ActiveCfg = DemoRelease|Win32
		{E82698D4-A39A-4256-8A8B-49654606A2ED}.DemoRelease|Mixed Platforms.Build.0 = DemoRelease|Win32
		{E82698D4-A39A-4256-8A8B-49654606A2ED}.DemoRelease|Win32.ActiveCfg = DemoRelease|Win32
		{E82698D4-A39A-4256-8A8B-49654606A2ED}.DemoRelease|Win32.Build.0 = DemoRelease|Win32
		{E82698D4-A39A-4256-8A8B-49654606A2ED}.DemoRelease|x64.ActiveCfg = DemoRelease|Win32
		{E82698D4-A39A-4256-8A8B-49654606A2ED}.Profile|.NET.ActiveCfg = Release|Win32
		{E82698D4-A39A-4256-8A8B-49654606A2ED}.Profile|Any CPU.ActiveCfg = Release|Win32
		{E82698D4-A39A-4256-8A8B-49654606A2ED}.Profile|Mixed Platforms.ActiveCfg = Release|Win32
		{E82698D4-A39A-4256-8A8B-49654606A2ED}.Profile|Mixed Platforms.Build.0 = Release|Win32
		{E82698D4-A39A-4256-8A8B-49654606A2ED}.Profile|Win32.ActiveCfg = Release|Win32
		{E82698D4-A39A-4256-8A8B-49654606A2ED}.Profile|Win32.Build.0 = Release|Win32
		{E82698D4-A39A-4256-8A8B-49654606A2ED}.Profile|x64.ActiveCfg = Release|Win32
		{E82698D4-A39A-4256-8A8B-49654606A2ED}.Release|.NET.ActiveCfg = Release|Win32
		{E82698D4-A39A-4256-8A8B-49654606A2ED}.Release|Any CPU.ActiveCfg = Release|Win32
		{E82698D4-A39A-4256-8A8B-49654606A2ED}.Release|Mixed Platforms.ActiveCfg = Release|Win32
		{E82698D4-A39A-4256-8A8B-49654606A2ED}.Release|Mixed Platforms.Build.0 = Release|Win32
		{E82698D4-A39A-4256-8A8B-49654606A2ED}.Release|Win32.ActiveCfg = Release|Win32
		{E82698D4-A39A-4256-8A8B-49654606A2ED}.Release|Win32.Build.0 = Release|Win32
		{E82698D4-A39A-4256-8A8B-49654606A2ED}.Release|x64.ActiveCfg = Release|Win32
		{E82698D4-A39A-4256-8A8B-49654606A2ED}.ReleaseStandardUnicode|.NET.ActiveCfg = ReleaseTools|Win32
		{E82698D4-A39A-4256-8A8B-49654606A2ED}.ReleaseStandardUnicode|Any CPU.ActiveCfg = ReleaseTools|Win32
		{E82698D4-A39A-4256-8A8B-49654606A2ED}.ReleaseStandardUnicode|Mixed Platforms.ActiveCfg = ReleaseTools|Win32
		{E82698D4-A39A-4256-8A8B-49654606A2ED}.ReleaseStandardUnicode|Mixed Platforms.Build.0 = ReleaseTools|Win32
		{E82698D4-A39A-4256-8A8B-49654606A2ED}.ReleaseStandardUnicode|Win32.ActiveCfg = ReleaseTools|Win32
		{E82698D4-A39A-4256-8A8B-49654606A2ED}.ReleaseStandardUnicode|Win32.Build.0 = ReleaseTools|Win32
		{E82698D4-A39A-4256-8A8B-49654606A2ED}.ReleaseStandardUnicode|x64.ActiveCfg = ReleaseTools|Win32
		{E82698D4-A39A-4256-8A8B-49654606A2ED}.ReleaseStandardUnicodeDebug|.NET.ActiveCfg = ReleaseTools|Win32
		{E82698D4-A39A-4256-8A8B-49654606A2ED}.ReleaseStandardUnicodeDebug|Any CPU.ActiveCfg = ReleaseTools|Win32
		{E82698D4-A39A-4256-8A8B-49654606A2ED}.ReleaseStandardUnicodeDebug|Mixed Platforms.ActiveCfg = ReleaseTools|Win32
		{E82698D4-A39A-4256-8A8B-49654606A2ED}.ReleaseStandardUnicodeDebug|Mixed Platforms.Build.0 = ReleaseTools|Win32
		{E82698D4-A39A-4256-8A8B-49654606A2ED}.ReleaseStandardUnicodeDebug|Win32.ActiveCfg = Debug|Win32
		{E82698D4-A39A-4256-8A8B-49654606A2ED}.ReleaseStandardUnicodeDebug|Win32.Build.0 = Debug|Win32
		{E82698D4-A39A-4256-8A8B-49654606A2ED}.ReleaseStandardUnicodeDebug|x64.ActiveCfg = ReleaseTools|Win32
		{E82698D4-A39A-4256-8A8B-49654606A2ED}.ReleaseTools|.NET.ActiveCfg = ReleaseTools|Win32
		{E82698D4-A39A-4256-8A8B-49654606A2ED}.ReleaseTools|Any CPU.ActiveCfg = ReleaseTools|Win32
		{E82698D4-A39A-4256-8A8B-49654606A2ED}.ReleaseTools|Mixed Platforms.ActiveCfg = ReleaseTools|Win32
		{E82698D4-A39A-4256-8A8B-49654606A2ED}.ReleaseTools|Mixed Platforms.Build.0 = ReleaseTools|Win32
		{E82698D4-A39A-4256-8A8B-49654606A2ED}.ReleaseTools|Win32.ActiveCfg = ReleaseTools|Win32
		{E82698D4-A39A-4256-8A8B-49654606A2ED}.ReleaseTools|Win32.Build.0 = ReleaseTools|Win32
		{E82698D4-A39A-4256-8A8B-49654606A2ED}.ReleaseTools|x64.ActiveCfg = ReleaseTools|Win32
		{0A96C3FE-33A4-4C3F-B5A1-2CC1E2E293A4}.Debug|.NET.ActiveCfg = Debug|Win32
		{0A96C3FE-33A4-4C3F-B5A1-2CC1E2E293A4}.Debug|Any CPU.ActiveCfg = Debug|Win32
		{0A96C3FE-33A4-4C3F-B5A1-2CC1E2E293A4}.Debug|Mixed Platforms.ActiveCfg = Debug|Win32
		{0A96C3FE-33A4-4C3F-B5A1-2CC1E2E293A4}.Debug|Mixed Platforms.Build.0 = Debug|Win32
		{0A96C3FE-33A4-4C3F-B5A1-2CC1E2E293A4}.Debug|Win32.ActiveCfg = Debug|Win32
		{0A96C3FE-33A4-4C3F-B5A1-2CC1E2E293A4}.Debug|Win32.Build.0 = Debug|Win32
		{0A96C3FE-33A4-4C3F-B5A1-2CC1E2E293A4}.Debug|x64.ActiveCfg = Debug|Win32
		{0A96C3FE-33A4-4C3F-B5A1-2CC1E2E293A4}.DemoDebug|.NET.ActiveCfg = DemoDebug|Win32
		{0A96C3FE-33A4-4C3F-B5A1-2CC1E2E293A4}.DemoDebug|Any CPU.ActiveCfg = DemoDebug|Win32
		{0A96C3FE-33A4-4C3F-B5A1-2CC1E2E293A4}.DemoDebug|Mixed Platforms.ActiveCfg = DemoDebug|Win32
		{0A96C3FE-33A4-4C3F-B5A1-2CC1E2E293A4}.DemoDebug|Mixed Platforms.Build.0 = DemoDebug|Win32
		{0A96C3FE-33A4-4C3F-B5A1-2CC1E2E293A4}.DemoDebug|Win32.ActiveCfg = DemoDebug|Win32
		{0A96C3FE-33A4-4C3F-B5A1-2CC1E2E293A4}.DemoDebug|Win32.Build.0 = DemoDebug|Win32
		{0A96C3FE-33A4-4C3F-B5A1-2CC1E2E293A4}.DemoDebug|x64.ActiveCfg = DemoDebug|Win32
		{0A96C3FE-33A4-4C3F-B5A1-2CC1E2E293A4}.DemoRelease|.NET.ActiveCfg = DemoRelease|Win32
		{0A96C3FE-33A4-4C3F-B5A1-2CC1E2E293A4}.DemoRelease|Any CPU.ActiveCfg = DemoRelease|Win32
		{0A96C3FE-33A4-4C3F-B5A1-2CC1E2E293A4}.DemoRelease|Mixed Platforms.ActiveCfg = DemoRelease|Win32
		{0A96C3FE-33A4-4C3F-B5A1-2CC1E2E293A4}.DemoRelease|Mixed Platforms.Build.0 = DemoRelease|Win32
		{0A96C3FE-33A4-4C3F-B5A1-2CC1E2E293A4}.DemoRelease|Win32.ActiveCfg = DemoRelease|Win32
		{0A96C3FE-33A4-4C3F-B5A1-2CC1E2E293A4}.DemoRelease|Win32.Build.0 = DemoRelease|Win32
		{0A96C3FE-33A4-4C3F-B5A1-2CC1E2E293A4}.DemoRelease|x64.ActiveCfg = DemoRelease|Win32
		{0A96C3FE-33A4-4C3F-B5A1-2CC1E2E293A4}.Profile|.NET.ActiveCfg = Release|Win32
		{0A96C3FE-33A4-4C3F-B5A1-2CC1E2E293A4}.Profile|Any CPU.ActiveCfg = Release|Win32
		{0A96C3FE-33A4-4C3F-B5A1-2CC1E2E293A4}.Profile|Mixed Platforms.ActiveCfg = Release|Win32
		{0A96C3FE-33A4-4C3F-B5A1-2CC1E2E293A4}.Profile|Mixed Platforms.Build.0 = Release|Win32
		{0A96C3FE-33A4-4C3F-B5A1-2CC1E2E293A4}.Profile|Win32.ActiveCfg = Release|Win32
		{0A96C3FE-33A4-4C3F-B5A1-2CC1E2E293A4}.Profile|Win32.Build.0 = Release|Win32
		{0A96C3FE-33A4-4C3F-B5A1-2CC1E2E293A4}.Profile|x64.ActiveCfg = Release|Win32
		{0A96C3FE-33A4-4C3F-B5A1-2CC1E2E293A4}.Release|.NET.ActiveCfg = Release|Win32
		{0A96C3FE-33A4-4C3F-B5A1-2CC1E2E293A4}.Release|Any CPU.ActiveCfg = Release|Win32
		{0A96C3FE-33A4-4C3F-B5A1-2CC1E2E293A4}.Release|Mixed Platforms.ActiveCfg = Release|Win32
		{0A96C3FE-33A4-4C3F-B5A1-2CC1E2E293A4}.Release|Mixed Platforms.Build.0 = Release|Win32
		{0A96C3FE-33A4-4C3F-B5A1-2CC1E2E293A4}.Release|Win32.ActiveCfg = Release|Win32
		{0A96C3FE-33A4-4C3F-B5A1-2CC1E2E293A4}.Release|Win32.Build.0 = Release|Win32
		{0A96C3FE-33A4-4C3F-B5A1-2CC1E2E293A4}.Release|x64.ActiveCfg = Release|Win32
		{0A96C3FE-33A4-4C3F-B5A1-2CC1E2E293A4}.ReleaseStandardUnicode|.NET.ActiveCfg = ReleaseTools|Win32
		{0A96C3FE-33A4-4C3F-B5A1-2CC1E2E293A4}.ReleaseStandardUnicode|Any CPU.ActiveCfg = ReleaseTools|Win32
		{0A96C3FE-33A4-4C3F-B5A1-2CC1E2E293A4}.ReleaseStandardUnicode|Mixed Platforms.ActiveCfg = ReleaseTools|Win32
		{0A96C3FE-33A4-4C3F-B5A1-2CC1E2E293A4}.ReleaseStandardUnicode|Mixed Platforms.Build.0 = ReleaseTools|Win32
		{0A96C3FE-33A4-4C3F-B5A1-2CC1E2E293A4}.ReleaseStandardUnicode|Win32.ActiveCfg = ReleaseTools|Win32
		{0A96C3FE-33A4-4C3F-B5A1-2CC1E2E293A4}.ReleaseStandardUnicode|Win32.Build.0 = ReleaseTools|Win32
		{0A96C3FE-33A4-4C3F-B5A1-2CC1E2E293A4}.ReleaseStandardUnicode|x64.ActiveCfg = ReleaseTools|Win32
		{0A96C3FE-33A4-4C3F-B5A1-2CC1E2E293A4}.ReleaseStandardUnicodeDebug|.NET.ActiveCfg = ReleaseTools|Win32
		{0A96C3FE-33A4-4C3F-B5A1-2CC1E2E293A4}.ReleaseStandardUnicodeDebug|Any CPU.ActiveCfg = ReleaseTools|Win32
		{0A96C3FE-33A4-4C3F-B5A1-2CC1E2E293A4}.ReleaseStandardUnicodeDebug|Mixed Platforms.ActiveCfg = ReleaseTools|Win32
		{0A96C3FE-33A4-4C3F-B5A1-2CC1E2E293A4}.ReleaseStandardUnicodeDebug|Mixed Platforms.Build.0 = ReleaseTools|Win32
		{0A96C3FE-33A4-4C3F-B5A1-2CC1E2E293A4}.ReleaseStandardUnicodeDebug|Win32.ActiveCfg = Debug|Win32
		{0A96C3FE-33A4-4C3F-B5A1-2CC1E2E293A4}.ReleaseStandardUnicodeDebug|Win32.Build.0 = Debug|Win32
		{0A96C3FE-33A4-4C3F-B5A1-2CC1E2E293A4}.ReleaseStandardUnicodeDebug|x64.ActiveCfg = ReleaseTools|Win32
		{0A96C3FE-33A4-4C3F-B5A1-2CC1E2E293A4}.ReleaseTools|.NET.ActiveCfg = ReleaseTools|Win32
		{0A96C3FE-33A4-4C3F-B5A1-2CC1E2E293A4}.ReleaseTools|Any CPU.ActiveCfg = ReleaseTools|Win32
		{0A96C3FE-33A4-4C3F-B5A1-2CC1E2E293A4}.ReleaseTools|Mixed Platforms.ActiveCfg = ReleaseTools|Win32
		{0A96C3FE-33A4-4C3F-B5A1-2CC1E2E293A4}.ReleaseTools|Mixed Platforms.Build.0 = ReleaseTools|Win32
		{0A96C3FE-33A4-4C3F-B5A1-2CC1E2E293A4}.ReleaseTools|Win32.ActiveCfg = ReleaseTools|Win32
		{0A96C3FE-33A4-4C3F-B5A1-2CC1E2E293A4}.ReleaseTools|Win32.Build.0 = ReleaseTools|Win32
		{0A96C3FE-33A4-4C3F-B5A1-2CC1E2E293A4}.ReleaseTools|x64.ActiveCfg = ReleaseTools|Win32
		{EE808FCA-1BD8-4288-85BE-7BA431738DCA}.Debug|.NET.ActiveCfg = Debug
		{EE808FCA-1BD8-4288-85BE-7BA431738DCA}.Debug|.NET.Build.0 = Debug
		{EE808FCA-1BD8-4288-85BE-7BA431738DCA}.Debug|Any CPU.ActiveCfg = Debug
		{EE808FCA-1BD8-4288-85BE-7BA431738DCA}.Debug|Any CPU.Build.0 = Debug
		{EE808FCA-1BD8-4288-85BE-7BA431738DCA}.Debug|Mixed Platforms.ActiveCfg = Debug
		{EE808FCA-1BD8-4288-85BE-7BA431738DCA}.Debug|Mixed Platforms.Build.0 = Debug
		{EE808FCA-1BD8-4288-85BE-7BA431738DCA}.Debug|Win32.ActiveCfg = Debug
		{EE808FCA-1BD8-4288-85BE-7BA431738DCA}.Debug|Win32.Build.0 = Debug
		{EE808FCA-1BD8-4288-85BE-7BA431738DCA}.Debug|x64.ActiveCfg = Debug
		{EE808FCA-1BD8-4288-85BE-7BA431738DCA}.Debug|x64.Build.0 = Debug
		{EE808FCA-1BD8-4288-85BE-7BA431738DCA}.DemoDebug|.NET.ActiveCfg = DemoDebug
		{EE808FCA-1BD8-4288-85BE-7BA431738DCA}.DemoDebug|.NET.Build.0 = DemoDebug
		{EE808FCA-1BD8-4288-85BE-7BA431738DCA}.DemoDebug|Any CPU.ActiveCfg = DemoDebug
		{EE808FCA-1BD8-4288-85BE-7BA431738DCA}.DemoDebug|Any CPU.Build.0 = DemoDebug
		{EE808FCA-1BD8-4288-85BE-7BA431738DCA}.DemoDebug|Mixed Platforms.ActiveCfg = DemoDebug
		{EE808FCA-1BD8-4288-85BE-7BA431738DCA}.DemoDebug|Mixed Platforms.Build.0 = DemoDebug
		{EE808FCA-1BD8-4288-85BE-7BA431738DCA}.DemoDebug|Win32.ActiveCfg = DemoDebug
		{EE808FCA-1BD8-4288-85BE-7BA431738DCA}.DemoDebug|Win32.Build.0 = DemoDebug
		{EE808FCA-1BD8-4288-85BE-7BA431738DCA}.DemoDebug|x64.ActiveCfg = DemoDebug
		{EE808FCA-1BD8-4288-85BE-7BA431738DCA}.DemoDebug|x64.Build.0 = DemoDebug
		{EE808FCA-1BD8-4288-85BE-7BA431738DCA}.DemoRelease|.NET.ActiveCfg = DemoRelease
		{EE808FCA-1BD8-4288-85BE-7BA431738DCA}.DemoRelease|.NET.Build.0 = DemoRelease
		{EE808FCA-1BD8-4288-85BE-7BA431738DCA}.DemoRelease|Any CPU.ActiveCfg = DemoRelease
		{EE808FCA-1BD8-4288-85BE-7BA431738DCA}.DemoRelease|Any CPU.Build.0 = DemoRelease
		{EE808FCA-1BD8-4288-85BE-7BA431738DCA}.DemoRelease|Mixed Platforms.ActiveCfg = DemoRelease
		{EE808FCA-1BD8-4288-85BE-7BA431738DCA}.DemoRelease|Mixed Platforms.Build.0 = DemoRelease
		{EE808FCA-1BD8-4288-85BE-7BA431738DCA}.DemoRelease|Win32.ActiveCfg = DemoRelease
		{EE808FCA-1BD8-4288-85BE-7BA431738DCA}.DemoRelease|Win32.Build.0 = DemoRelease
		{EE808FCA-1BD8-4288-85BE-7BA431738DCA}.DemoRelease|x64.ActiveCfg = DemoRelease
		{EE808FCA-1BD8-4288-85BE-7BA431738DCA}.DemoRelease|x64.Build.0 = DemoRelease
		{EE808FCA-1BD8-4288-85BE-7BA431738DCA}.Profile|.NET.ActiveCfg = Release
		{EE808FCA-1BD8-4288-85BE-7BA431738DCA}.Profile|.NET.Build.0 = Release
		{EE808FCA-1BD8-4288-85BE-7BA431738DCA}.Profile|Any CPU.ActiveCfg = Release
		{EE808FCA-1BD8-4288-85BE-7BA431738DCA}.Profile|Any CPU.Build.0 = Release
		{EE808FCA-1BD8-4288-85BE-7BA431738DCA}.Profile|Mixed Platforms.ActiveCfg = Release
		{EE808FCA-1BD8-4288-85BE-7BA431738DCA}.Profile|Mixed Platforms.Build.0 = Release
		{EE808FCA-1BD8-4288-85BE-7BA431738DCA}.Profile|Win32.ActiveCfg = Release
		{EE808FCA-1BD8-4288-85BE-7BA431738DCA}.Profile|Win32.Build.0 = Release
		{EE808FCA-1BD8-4288-85BE-7BA431738DCA}.Profile|x64.ActiveCfg = Release
		{EE808FCA-1BD8-4288-85BE-7BA431738DCA}.Profile|x64.Build.0 = Release
		{EE808FCA-1BD8-4288-85BE-7BA431738DCA}.Release|.NET.ActiveCfg = Release
		{EE808FCA-1BD8-4288-85BE-7BA431738DCA}.Release|.NET.Build.0 = Release
		{EE808FCA-1BD8-4288-85BE-7BA431738DCA}.Release|Any CPU.ActiveCfg = Release
		{EE808FCA-1BD8-4288-85BE-7BA431738DCA}.Release|Any CPU.Build.0 = Release
		{EE808FCA-1BD8-4288-85BE-7BA431738DCA}.Release|Mixed Platforms.ActiveCfg = Release
		{EE808FCA-1BD8-4288-85BE-7BA431738DCA}.Release|Mixed Platforms.Build.0 = Release
		{EE808FCA-1BD8-4288-85BE-7BA431738DCA}.Release|Win32.ActiveCfg = Release
		{EE808FCA-1BD8-4288-85BE-7BA431738DCA}.Release|Win32.Build.0 = Release
		{EE808FCA-1BD8-4288-85BE-7BA431738DCA}.Release|x64.ActiveCfg = Release
		{EE808FCA-1BD8-4288-85BE-7BA431738DCA}.Release|x64.Build.0 = Release
		{EE808FCA-1BD8-4288-85BE-7BA431738DCA}.ReleaseStandardUnicode|.NET.ActiveCfg = ReleaseTools
		{EE808FCA-1BD8-4288-85BE-7BA431738DCA}.ReleaseStandardUnicode|.NET.Build.0 = ReleaseTools
		{EE808FCA-1BD8-4288-85BE-7BA431738DCA}.ReleaseStandardUnicode|Any CPU.ActiveCfg = ReleaseTools
		{EE808FCA-1BD8-4288-85BE-7BA431738DCA}.ReleaseStandardUnicode|Any CPU.Build.0 = ReleaseTools
		{EE808FCA-1BD8-4288-85BE-7BA431738DCA}.ReleaseStandardUnicode|Mixed Platforms.ActiveCfg = ReleaseTools
		{EE808FCA-1BD8-4288-85BE-7BA431738DCA}.ReleaseStandardUnicode|Mixed Platforms.Build.0 = ReleaseTools
		{EE808FCA-1BD8-4288-85BE-7BA431738DCA}.ReleaseStandardUnicode|Win32.ActiveCfg = ReleaseTools
		{EE808FCA-1BD8-4288-85BE-7BA431738DCA}.ReleaseStandardUnicode|Win32.Build.0 = ReleaseTools
		{EE808FCA-1BD8-4288-85BE-7BA431738DCA}.ReleaseStandardUnicode|x64.ActiveCfg = ReleaseTools
		{EE808FCA-1BD8-4288-85BE-7BA431738DCA}.ReleaseStandardUnicode|x64.Build.0 = ReleaseTools
		{EE808FCA-1BD8-4288-85BE-7BA431738DCA}.ReleaseStandardUnicodeDebug|.NET.ActiveCfg = ReleaseTools
		{EE808FCA-1BD8-4288-85BE-7BA431738DCA}.ReleaseStandardUnicodeDebug|.NET.Build.0 = ReleaseTools
		{EE808FCA-1BD8-4288-85BE-7BA431738DCA}.ReleaseStandardUnicodeDebug|Any CPU.ActiveCfg = ReleaseTools
		{EE808FCA-1BD8-4288-85BE-7BA431738DCA}.ReleaseStandardUnicodeDebug|Any CPU.Build.0 = ReleaseTools
		{EE808FCA-1BD8-4288-85BE-7BA431738DCA}.ReleaseStandardUnicodeDebug|Mixed Platforms.ActiveCfg = ReleaseTools
		{EE808FCA-1BD8-4288-85BE-7BA431738DCA}.ReleaseStandardUnicodeDebug|Mixed Platforms.Build.0 = ReleaseTools
		{EE808FCA-1BD8-4288-85BE-7BA431738DCA}.ReleaseStandardUnicodeDebug|Win32.ActiveCfg = ReleaseTools
		{EE808FCA-1BD8-4288-85BE-7BA431738DCA}.ReleaseStandardUnicodeDebug|Win32.Build.0 = ReleaseTools
		{EE808FCA-1BD8-4288-85BE-7BA431738DCA}.ReleaseStandardUnicodeDebug|x64.ActiveCfg = ReleaseTools
		{EE808FCA-1BD8-4288-85BE-7BA431738DCA}.ReleaseStandardUnicodeDebug|x64.Build.0 = ReleaseTools
		{EE808FCA-1BD8-4288-85BE-7BA431738DCA}.ReleaseTools|.NET.ActiveCfg = ReleaseTools
		{EE808FCA-1BD8-4288-85BE-7BA431738DCA}.ReleaseTools|.NET.Build.0 = ReleaseTools
		{EE808FCA-1BD8-4288-85BE-7BA431738DCA}.ReleaseTools|Any CPU.ActiveCfg = ReleaseTools
		{EE808FCA-1BD8-4288-85BE-7BA431738DCA}.ReleaseTools|Any CPU.Build.0 = ReleaseTools
		{EE808FCA-1BD8-4288-85BE-7BA431738DCA}.ReleaseTools|Mixed Platforms.ActiveCfg = ReleaseTools
		{EE808FCA-1BD8-4288-85BE-7BA431738DCA}.ReleaseTools|Mixed Platforms.Build.0 = ReleaseTools
		{EE808FCA-1BD8-4288-85BE-7BA431738DCA}.ReleaseTools|Win32.ActiveCfg = ReleaseTools
		{EE808FCA-1BD8-4288-85BE-7BA431738DCA}.ReleaseTools|Win32.Build.0 = ReleaseTools
		{EE808FCA-1BD8-4288-85BE-7BA431738DCA}.ReleaseTools|x64.ActiveCfg = ReleaseTools
		{EE808FCA-1BD8-4288-85BE-7BA431738DCA}.ReleaseTools|x64.Build.0 = ReleaseTools
		{FB1AE610-BE8E-487F-8021-7A9293AED56D}.Debug|.NET.ActiveCfg = Debug|Win32
		{FB1AE610-BE8E-487F-8021-7A9293AED56D}.Debug|Any CPU.ActiveCfg = Debug|Win32
		{FB1AE610-BE8E-487F-8021-7A9293AED56D}.Debug|Mixed Platforms.ActiveCfg = Debug|Win32
		{FB1AE610-BE8E-487F-8021-7A9293AED56D}.Debug|Mixed Platforms.Build.0 = Debug|Win32
		{FB1AE610-BE8E-487F-8021-7A9293AED56D}.Debug|Win32.ActiveCfg = Debug|Win32
		{FB1AE610-BE8E-487F-8021-7A9293AED56D}.Debug|Win32.Build.0 = Debug|Win32
		{FB1AE610-BE8E-487F-8021-7A9293AED56D}.Debug|x64.ActiveCfg = Debug|Win32
		{FB1AE610-BE8E-487F-8021-7A9293AED56D}.DemoDebug|.NET.ActiveCfg = DemoDebug|Win32
		{FB1AE610-BE8E-487F-8021-7A9293AED56D}.DemoDebug|Any CPU.ActiveCfg = DemoDebug|Win32
		{FB1AE610-BE8E-487F-8021-7A9293AED56D}.DemoDebug|Mixed Platforms.ActiveCfg = DemoDebug|Win32
		{FB1AE610-BE8E-487F-8021-7A9293AED56D}.DemoDebug|Mixed Platforms.Build.0 = DemoDebug|Win32
		{FB1AE610-BE8E-487F-8021-7A9293AED56D}.DemoDebug|Win32.ActiveCfg = DemoDebug|Win32
		{FB1AE610-BE8E-487F-8021-7A9293AED56D}.DemoDebug|Win32.Build.0 = DemoDebug|Win32
		{FB1AE610-BE8E-487F-8021-7A9293AED56D}.DemoDebug|x64.ActiveCfg = DemoDebug|Win32
		{FB1AE610-BE8E-487F-8021-7A9293AED56D}.DemoRelease|.NET.ActiveCfg = DemoRelease|Win32
		{FB1AE610-BE8E-487F-8021-7A9293AED56D}.DemoRelease|Any CPU.ActiveCfg = DemoRelease|Win32
		{FB1AE610-BE8E-487F-8021-7A9293AED56D}.DemoRelease|Mixed Platforms.ActiveCfg = DemoRelease|Win32
		{FB1AE610-BE8E-487F-8021-7A9293AED56D}.DemoRelease|Mixed Platforms.Build.0 = DemoRelease|Win32
		{FB1AE610-BE8E-487F-8021-7A9293AED56D}.DemoRelease|Win32.ActiveCfg = DemoRelease|Win32
		{FB1AE610-BE8E-487F-8021-7A9293AED56D}.DemoRelease|Win32.Build.0 = DemoRelease|Win32
		{FB1AE610-BE8E-487F-8021-7A9293AED56D}.DemoRelease|x64.ActiveCfg = DemoRelease|Win32
		{FB1AE610-BE8E-487F-8021-7A9293AED56D}.Profile|.NET.ActiveCfg = DemoRelease|Win32
		{FB1AE610-BE8E-487F-8021-7A9293AED56D}.Profile|Any CPU.ActiveCfg = DemoRelease|Win32
		{FB1AE610-BE8E-487F-8021-7A9293AED56D}.Profile|Mixed Platforms.ActiveCfg = DemoRelease|Win32
		{FB1AE610-BE8E-487F-8021-7A9293AED56D}.Profile|Mixed Platforms.Build.0 = DemoRelease|Win32
		{FB1AE610-BE8E-487F-8021-7A9293AED56D}.Profile|Win32.ActiveCfg = DemoRelease|Win32
		{FB1AE610-BE8E-487F-8021-7A9293AED56D}.Profile|Win32.Build.0 = DemoRelease|Win32
		{FB1AE610-BE8E-487F-8021-7A9293AED56D}.Profile|x64.ActiveCfg = DemoRelease|Win32
		{FB1AE610-BE8E-487F-8021-7A9293AED56D}.Release|.NET.ActiveCfg = Release|Win32
		{FB1AE610-BE8E-487F-8021-7A9293AED56D}.Release|Any CPU.ActiveCfg = Release|Win32
		{FB1AE610-BE8E-487F-8021-7A9293AED56D}.Release|Mixed Platforms.ActiveCfg = Release|Win32
		{FB1AE610-BE8E-487F-8021-7A9293AED56D}.Release|Mixed Platforms.Build.0 = Release|Win32
		{FB1AE610-BE8E-487F-8021-7A9293AED56D}.Release|Win32.ActiveCfg = Release|Win32
		{FB1AE610-BE8E-487F-8021-7A9293AED56D}.Release|Win32.Build.0 = Release|Win32
		{FB1AE610-BE8E-487F-8021-7A9293AED56D}.Release|x64.ActiveCfg = Release|Win32
		{FB1AE610-BE8E-487F-8021-7A9293AED56D}.ReleaseStandardUnicode|.NET.ActiveCfg = ReleaseTools|Win32
		{FB1AE610-BE8E-487F-8021-7A9293AED56D}.ReleaseStandardUnicode|Any CPU.ActiveCfg = ReleaseTools|Win32
		{FB1AE610-BE8E-487F-8021-7A9293AED56D}.ReleaseStandardUnicode|Mixed Platforms.ActiveCfg = ReleaseTools|Win32
		{FB1AE610-BE8E-487F-8021-7A9293AED56D}.ReleaseStandardUnicode|Mixed Platforms.Build.0 = ReleaseTools|Win32
		{FB1AE610-BE8E-487F-8021-7A9293AED56D}.ReleaseStandardUnicode|Win32.ActiveCfg = ReleaseTools|Win32
		{FB1AE610-BE8E-487F-8021-7A9293AED56D}.ReleaseStandardUnicode|Win32.Build.0 = ReleaseTools|Win32
		{FB1AE610-BE8E-487F-8021-7A9293AED56D}.ReleaseStandardUnicode|x64.ActiveCfg = ReleaseTools|Win32
		{FB1AE610-BE8E-487F-8021-7A9293AED56D}.ReleaseStandardUnicodeDebug|.NET.ActiveCfg = ReleaseTools|Win32
		{FB1AE610-BE8E-487F-8021-7A9293AED56D}.ReleaseStandardUnicodeDebug|Any CPU.ActiveCfg = ReleaseTools|Win32
		{FB1AE610-BE8E-487F-8021-7A9293AED56D}.ReleaseStandardUnicodeDebug|Mixed Platforms.ActiveCfg = ReleaseTools|Win32
		{FB1AE610-BE8E-487F-8021-7A9293AED56D}.ReleaseStandardUnicodeDebug|Mixed Platforms.Build.0 = ReleaseTools|Win32
		{FB1AE610-BE8E-487F-8021-7A9293AED56D}.ReleaseStandardUnicodeDebug|Win32.ActiveCfg = Debug|Win32
		{FB1AE610-BE8E-487F-8021-7A9293AED56D}.ReleaseStandardUnicodeDebug|Win32.Build.0 = Debug|Win32
		{FB1AE610-BE8E-487F-8021-7A9293AED56D}.ReleaseStandardUnicodeDebug|x64.ActiveCfg = ReleaseTools|Win32
		{FB1AE610-BE8E-487F-8021-7A9293AED56D}.ReleaseTools|.NET.ActiveCfg = ReleaseTools|Win32
		{FB1AE610-BE8E-487F-8021-7A9293AED56D}.ReleaseTools|Any CPU.ActiveCfg = ReleaseTools|Win32
		{FB1AE610-BE8E-487F-8021-7A9293AED56D}.ReleaseTools|Mixed Platforms.ActiveCfg = ReleaseTools|Win32
		{FB1AE610-BE8E-487F-8021-7A9293AED56D}.ReleaseTools|Mixed Platforms.Build.0 = ReleaseTools|Win32
		{FB1AE610-BE8E-487F-8021-7A9293AED56D}.ReleaseTools|Win32.ActiveCfg = ReleaseTools|Win32
		{FB1AE610-BE8E-487F-8021-7A9293AED56D}.ReleaseTools|Win32.Build.0 = ReleaseTools|Win32
		{FB1AE610-BE8E-487F-8021-7A9293AED56D}.ReleaseTools|x64.ActiveCfg = ReleaseTools|Win32
		{195F23D3-8D60-4992-87ED-6B6E87580CF3}.Debug|.NET.ActiveCfg = Debug|Win32
		{195F23D3-8D60-4992-87ED-6B6E87580CF3}.Debug|Any CPU.ActiveCfg = Debug|Win32
		{195F23D3-8D60-4992-87ED-6B6E87580CF3}.Debug|Mixed Platforms.ActiveCfg = Debug|Win32
		{195F23D3-8D60-4992-87ED-6B6E87580CF3}.Debug|Mixed Platforms.Build.0 = Debug|Win32
		{195F23D3-8D60-4992-87ED-6B6E87580CF3}.Debug|Win32.ActiveCfg = Debug|Win32
		{195F23D3-8D60-4992-87ED-6B6E87580CF3}.Debug|Win32.Build.0 = Debug|Win32
		{195F23D3-8D60-4992-87ED-6B6E87580CF3}.Debug|x64.ActiveCfg = Debug|Win32
		{195F23D3-8D60-4992-87ED-6B6E87580CF3}.DemoDebug|.NET.ActiveCfg = Debug|Win32
		{195F23D3-8D60-4992-87ED-6B6E87580CF3}.DemoDebug|Any CPU.ActiveCfg = Debug|Win32
		{195F23D3-8D60-4992-87ED-6B6E87580CF3}.DemoDebug|Mixed Platforms.ActiveCfg = Debug|Win32
		{195F23D3-8D60-4992-87ED-6B6E87580CF3}.DemoDebug|Mixed Platforms.Build.0 = Debug|Win32
		{195F23D3-8D60-4992-87ED-6B6E87580CF3}.DemoDebug|Win32.ActiveCfg = Debug|Win32
		{195F23D3-8D60-4992-87ED-6B6E87580CF3}.DemoDebug|Win32.Build.0 = Debug|Win32
		{195F23D3-8D60-4992-87ED-6B6E87580CF3}.DemoDebug|x64.ActiveCfg = Debug|Win32
		{195F23D3-8D60-4992-87ED-6B6E87580CF3}.DemoRelease|.NET.ActiveCfg = Release|Win32
		{195F23D3-8D60-4992-87ED-6B6E87580CF3}.DemoRelease|Any CPU.ActiveCfg = Release|Win32
		{195F23D3-8D60-4992-87ED-6B6E87580CF3}.DemoRelease|Mixed Platforms.ActiveCfg = Release|Win32
		{195F23D3-8D60-4992-87ED-6B6E87580CF3}.DemoRelease|Mixed Platforms.Build.0 = Release|Win32
		{195F23D3-8D60-4992-87ED-6B6E87580CF3}.DemoRelease|Win32.ActiveCfg = Release|Win32
		{195F23D3-8D60-4992-87ED-6B6E87580CF3}.DemoRelease|Win32.Build.0 = Release|Win32
		{195F23D3-8D60-4992-87ED-6B6E87580CF3}.DemoRelease|x64.ActiveCfg = Release|Win32
		{195F23D3-8D60-4992-87ED-6B6E87580CF3}.Profile|.NET.ActiveCfg = Release|Win32
		{195F23D3-8D60-4992-87ED-6B6E87580CF3}.Profile|Any CPU.ActiveCfg = Release|Win32
		{195F23D3-8D60-4992-87ED-6B6E87580CF3}.Profile|Mixed Platforms.ActiveCfg = Release|Win32
		{195F23D3-8D60-4992-87ED-6B6E87580CF3}.Profile|Mixed Platforms.Build.0 = Release|Win32
		{195F23D3-8D60-4992-87ED-6B6E87580CF3}.Profile|Win32.ActiveCfg = Release|Win32
		{195F23D3-8D60-4992-87ED-6B6E87580CF3}.Profile|Win32.Build.0 = Release|Win32
		{195F23D3-8D60-4992-87ED-6B6E87580CF3}.Profile|x64.ActiveCfg = Release|Win32
		{195F23D3-8D60-4992-87ED-6B6E87580CF3}.Release|.NET.ActiveCfg = Release|Win32
		{195F23D3-8D60-4992-87ED-6B6E87580CF3}.Release|Any CPU.ActiveCfg = Release|Win32
		{195F23D3-8D60-4992-87ED-6B6E87580CF3}.Release|Mixed Platforms.ActiveCfg = Release|Win32
		{195F23D3-8D60-4992-87ED-6B6E87580CF3}.Release|Mixed Platforms.Build.0 = Release|Win32
		{195F23D3-8D60-4992-87ED-6B6E87580CF3}.Release|Win32.ActiveCfg = Release|Win32
		{195F23D3-8D60-4992-87ED-6B6E87580CF3}.Release|Win32.Build.0 = Release|Win32
		{195F23D3-8D60-4992-87ED-6B6E87580CF3}.Release|x64.ActiveCfg = Release|Win32
		{195F23D3-8D60-4992-87ED-6B6E87580CF3}.ReleaseStandardUnicode|.NET.ActiveCfg = Release|Win32
		{195F23D3-8D60-4992-87ED-6B6E87580CF3}.ReleaseStandardUnicode|Any CPU.ActiveCfg = Release|Win32
		{195F23D3-8D60-4992-87ED-6B6E87580CF3}.ReleaseStandardUnicode|Mixed Platforms.ActiveCfg = Release|Win32
		{195F23D3-8D60-4992-87ED-6B6E87580CF3}.ReleaseStandardUnicode|Mixed Platforms.Build.0 = Release|Win32
		{195F23D3-8D60-4992-87ED-6B6E87580CF3}.ReleaseStandardUnicode|Win32.ActiveCfg = Release|Win32
		{195F23D3-8D60-4992-87ED-6B6E87580CF3}.ReleaseStandardUnicode|Win32.Build.0 = Release|Win32
		{195F23D3-8D60-4992-87ED-6B6E87580CF3}.ReleaseStandardUnicode|x64.ActiveCfg = Release|Win32
		{195F23D3-8D60-4992-87ED-6B6E87580CF3}.ReleaseStandardUnicodeDebug|.NET.ActiveCfg = Release|Win32
		{195F23D3-8D60-4992-87ED-6B6E87580CF3}.ReleaseStandardUnicodeDebug|Any CPU.ActiveCfg = Release|Win32
		{195F23D3-8D60-4992-87ED-6B6E87580CF3}.ReleaseStandardUnicodeDebug|Mixed Platforms.ActiveCfg = Release|Win32
		{195F23D3-8D60-4992-87ED-6B6E87580CF3}.ReleaseStandardUnicodeDebug|Mixed Platforms.Build.0 = Release|Win32
		{195F23D3-8D60-4992-87ED-6B6E87580CF3}.ReleaseStandardUnicodeDebug|Win32.ActiveCfg = Debug|Win32
		{195F23D3-8D60-4992-87ED-6B6E87580CF3}.ReleaseStandardUnicodeDebug|Win32.Build.0 = Debug|Win32
		{195F23D3-8D60-4992-87ED-6B6E87580CF3}.ReleaseStandardUnicodeDebug|x64.ActiveCfg = Release|Win32
		{195F23D3-8D60-4992-87ED-6B6E87580CF3}.ReleaseTools|.NET.ActiveCfg = Release|Win32
		{195F23D3-8D60-4992-87ED-6B6E87580CF3}.ReleaseTools|Any CPU.ActiveCfg = Release|Win32
		{195F23D3-8D60-4992-87ED-6B6E87580CF3}.ReleaseTools|Mixed Platforms.ActiveCfg = Release|Win32
		{195F23D3-8D60-4992-87ED-6B6E87580CF3}.ReleaseTools|Mixed Platforms.Build.0 = Release|Win32
		{195F23D3-8D60-4992-87ED-6B6E87580CF3}.ReleaseTools|Win32.ActiveCfg = Release|Win32
		{195F23D3-8D60-4992-87ED-6B6E87580CF3}.ReleaseTools|Win32.Build.0 = Release|Win32
		{195F23D3-8D60-4992-87ED-6B6E87580CF3}.ReleaseTools|x64.ActiveCfg = Release|Win32
		{5FF13260-B11C-4D82-9CF7-AC36156B0CB8}.Debug|.NET.ActiveCfg = Debug|Any CPU
		{5FF13260-B11C-4D82-9CF7-AC36156B0CB8}.Debug|Any CPU.ActiveCfg = Debug|Any CPU
		{5FF13260-B11C-4D82-9CF7-AC36156B0CB8}.Debug|Any CPU.Build.0 = Debug|Any CPU
		{5FF13260-B11C-4D82-9CF7-AC36156B0CB8}.Debug|Mixed Platforms.ActiveCfg = Debug|Any CPU
		{5FF13260-B11C-4D82-9CF7-AC36156B0CB8}.Debug|Mixed Platforms.Build.0 = Debug|Any CPU
		{5FF13260-B11C-4D82-9CF7-AC36156B0CB8}.Debug|Win32.ActiveCfg = Debug|Any CPU
		{5FF13260-B11C-4D82-9CF7-AC36156B0CB8}.Debug|x64.ActiveCfg = Debug|Any CPU
		{5FF13260-B11C-4D82-9CF7-AC36156B0CB8}.DemoDebug|.NET.ActiveCfg = Debug|Any CPU
		{5FF13260-B11C-4D82-9CF7-AC36156B0CB8}.DemoDebug|Any CPU.ActiveCfg = Debug|Any CPU
		{5FF13260-B11C-4D82-9CF7-AC36156B0CB8}.DemoDebug|Any CPU.Build.0 = Debug|Any CPU
		{5FF13260-B11C-4D82-9CF7-AC36156B0CB8}.DemoDebug|Mixed Platforms.ActiveCfg = Debug|Any CPU
		{5FF13260-B11C-4D82-9CF7-AC36156B0CB8}.DemoDebug|Mixed Platforms.Build.0 = Debug|Any CPU
		{5FF13260-B11C-4D82-9CF7-AC36156B0CB8}.DemoDebug|Win32.ActiveCfg = Debug|Any CPU
		{5FF13260-B11C-4D82-9CF7-AC36156B0CB8}.DemoDebug|x64.ActiveCfg = Debug|Any CPU
		{5FF13260-B11C-4D82-9CF7-AC36156B0CB8}.DemoRelease|.NET.ActiveCfg = Release|Any CPU
		{5FF13260-B11C-4D82-9CF7-AC36156B0CB8}.DemoRelease|Any CPU.ActiveCfg = Release|Any CPU
		{5FF13260-B11C-4D82-9CF7-AC36156B0CB8}.DemoRelease|Any CPU.Build.0 = Release|Any CPU
		{5FF13260-B11C-4D82-9CF7-AC36156B0CB8}.DemoRelease|Mixed Platforms.ActiveCfg = Release|Any CPU
		{5FF13260-B11C-4D82-9CF7-AC36156B0CB8}.DemoRelease|Mixed Platforms.Build.0 = Release|Any CPU
		{5FF13260-B11C-4D82-9CF7-AC36156B0CB8}.DemoRelease|Win32.ActiveCfg = Release|Any CPU
		{5FF13260-B11C-4D82-9CF7-AC36156B0CB8}.DemoRelease|x64.ActiveCfg = Release|Any CPU
		{5FF13260-B11C-4D82-9CF7-AC36156B0CB8}.Profile|.NET.ActiveCfg = Release|Any CPU
		{5FF13260-B11C-4D82-9CF7-AC36156B0CB8}.Profile|Any CPU.ActiveCfg = Release|Any CPU
		{5FF13260-B11C-4D82-9CF7-AC36156B0CB8}.Profile|Any CPU.Build.0 = Release|Any CPU
		{5FF13260-B11C-4D82-9CF7-AC36156B0CB8}.Profile|Mixed Platforms.ActiveCfg = Release|Any CPU
		{5FF13260-B11C-4D82-9CF7-AC36156B0CB8}.Profile|Mixed Platforms.Build.0 = Release|Any CPU
		{5FF13260-B11C-4D82-9CF7-AC36156B0CB8}.Profile|Win32.ActiveCfg = Release|Any CPU
		{5FF13260-B11C-4D82-9CF7-AC36156B0CB8}.Profile|x64.ActiveCfg = Release|Any CPU
		{5FF13260-B11C-4D82-9CF7-AC36156B0CB8}.Release|.NET.ActiveCfg = Release|Any CPU
		{5FF13260-B11C-4D82-9CF7-AC36156B0CB8}.Release|Any CPU.ActiveCfg = Release|Any CPU
		{5FF13260-B11C-4D82-9CF7-AC36156B0CB8}.Release|Any CPU.Build.0 = Release|Any CPU
		{5FF13260-B11C-4D82-9CF7-AC36156B0CB8}.Release|Mixed Platforms.ActiveCfg = Release|Any CPU
		{5FF13260-B11C-4D82-9CF7-AC36156B0CB8}.Release|Mixed Platforms.Build.0 = Release|Any CPU
		{5FF13260-B11C-4D82-9CF7-AC36156B0CB8}.Release|Win32.ActiveCfg = Release|Any CPU
		{5FF13260-B11C-4D82-9CF7-AC36156B0CB8}.Release|x64.ActiveCfg = Release|Any CPU
		{5FF13260-B11C-4D82-9CF7-AC36156B0CB8}.ReleaseStandardUnicode|.NET.ActiveCfg = Release|Any CPU
		{5FF13260-B11C-4D82-9CF7-AC36156B0CB8}.ReleaseStandardUnicode|Any CPU.ActiveCfg = Release|Any CPU
		{5FF13260-B11C-4D82-9CF7-AC36156B0CB8}.ReleaseStandardUnicode|Any CPU.Build.0 = Release|Any CPU
		{5FF13260-B11C-4D82-9CF7-AC36156B0CB8}.ReleaseStandardUnicode|Mixed Platforms.ActiveCfg = Release|Any CPU
		{5FF13260-B11C-4D82-9CF7-AC36156B0CB8}.ReleaseStandardUnicode|Mixed Platforms.Build.0 = Release|Any CPU
		{5FF13260-B11C-4D82-9CF7-AC36156B0CB8}.ReleaseStandardUnicode|Win32.ActiveCfg = Release|Any CPU
		{5FF13260-B11C-4D82-9CF7-AC36156B0CB8}.ReleaseStandardUnicode|x64.ActiveCfg = Release|Any CPU
		{5FF13260-B11C-4D82-9CF7-AC36156B0CB8}.ReleaseStandardUnicodeDebug|.NET.ActiveCfg = Release|Any CPU
		{5FF13260-B11C-4D82-9CF7-AC36156B0CB8}.ReleaseStandardUnicodeDebug|Any CPU.ActiveCfg = Debug|Any CPU
		{5FF13260-B11C-4D82-9CF7-AC36156B0CB8}.ReleaseStandardUnicodeDebug|Any CPU.Build.0 = Debug|Any CPU
		{5FF13260-B11C-4D82-9CF7-AC36156B0CB8}.ReleaseStandardUnicodeDebug|Mixed Platforms.ActiveCfg = Release|Any CPU
		{5FF13260-B11C-4D82-9CF7-AC36156B0CB8}.ReleaseStandardUnicodeDebug|Mixed Platforms.Build.0 = Release|Any CPU
		{5FF13260-B11C-4D82-9CF7-AC36156B0CB8}.ReleaseStandardUnicodeDebug|Win32.ActiveCfg = Release|Any CPU
		{5FF13260-B11C-4D82-9CF7-AC36156B0CB8}.ReleaseStandardUnicodeDebug|x64.ActiveCfg = Release|Any CPU
		{5FF13260-B11C-4D82-9CF7-AC36156B0CB8}.ReleaseTools|.NET.ActiveCfg = Release|Any CPU
		{5FF13260-B11C-4D82-9CF7-AC36156B0CB8}.ReleaseTools|Any CPU.ActiveCfg = Release|Any CPU
		{5FF13260-B11C-4D82-9CF7-AC36156B0CB8}.ReleaseTools|Any CPU.Build.0 = Release|Any CPU
		{5FF13260-B11C-4D82-9CF7-AC36156B0CB8}.ReleaseTools|Mixed Platforms.ActiveCfg = Release|Any CPU
		{5FF13260-B11C-4D82-9CF7-AC36156B0CB8}.ReleaseTools|Mixed Platforms.Build.0 = Release|Any CPU
		{5FF13260-B11C-4D82-9CF7-AC36156B0CB8}.ReleaseTools|Win32.ActiveCfg = Release|Any CPU
		{5FF13260-B11C-4D82-9CF7-AC36156B0CB8}.ReleaseTools|x64.ActiveCfg = Release|Any CPU
		{8EA3F919-EB29-4D77-A39C-2496BD2903C3}.Debug|.NET.ActiveCfg = Debug
		{8EA3F919-EB29-4D77-A39C-2496BD2903C3}.Debug|Any CPU.ActiveCfg = Debug
		{8EA3F919-EB29-4D77-A39C-2496BD2903C3}.Debug|Mixed Platforms.ActiveCfg = Debug
		{8EA3F919-EB29-4D77-A39C-2496BD2903C3}.Debug|Win32.ActiveCfg = Debug
		{8EA3F919-EB29-4D77-A39C-2496BD2903C3}.Debug|x64.ActiveCfg = Debug
		{8EA3F919-EB29-4D77-A39C-2496BD2903C3}.DemoDebug|.NET.ActiveCfg = Debug
		{8EA3F919-EB29-4D77-A39C-2496BD2903C3}.DemoDebug|Any CPU.ActiveCfg = Debug
		{8EA3F919-EB29-4D77-A39C-2496BD2903C3}.DemoDebug|Mixed Platforms.ActiveCfg = Debug
		{8EA3F919-EB29-4D77-A39C-2496BD2903C3}.DemoDebug|Win32.ActiveCfg = Debug
		{8EA3F919-EB29-4D77-A39C-2496BD2903C3}.DemoDebug|x64.ActiveCfg = Debug
		{8EA3F919-EB29-4D77-A39C-2496BD2903C3}.DemoRelease|.NET.ActiveCfg = Release
		{8EA3F919-EB29-4D77-A39C-2496BD2903C3}.DemoRelease|Any CPU.ActiveCfg = Release
		{8EA3F919-EB29-4D77-A39C-2496BD2903C3}.DemoRelease|Mixed Platforms.ActiveCfg = Release
		{8EA3F919-EB29-4D77-A39C-2496BD2903C3}.DemoRelease|Win32.ActiveCfg = Release
		{8EA3F919-EB29-4D77-A39C-2496BD2903C3}.DemoRelease|x64.ActiveCfg = Release
		{8EA3F919-EB29-4D77-A39C-2496BD2903C3}.Profile|.NET.ActiveCfg = Release
		{8EA3F919-EB29-4D77-A39C-2496BD2903C3}.Profile|Any CPU.ActiveCfg = Release
		{8EA3F919-EB29-4D77-A39C-2496BD2903C3}.Profile|Mixed Platforms.ActiveCfg = Release
		{8EA3F919-EB29-4D77-A39C-2496BD2903C3}.Profile|Win32.ActiveCfg = Release
		{8EA3F919-EB29-4D77-A39C-2496BD2903C3}.Profile|x64.ActiveCfg = Release
		{8EA3F919-EB29-4D77-A39C-2496BD2903C3}.Release|.NET.ActiveCfg = Release
		{8EA3F919-EB29-4D77-A39C-2496BD2903C3}.Release|Any CPU.ActiveCfg = Release
		{8EA3F919-EB29-4D77-A39C-2496BD2903C3}.Release|Mixed Platforms.ActiveCfg = Release
		{8EA3F919-EB29-4D77-A39C-2496BD2903C3}.Release|Win32.ActiveCfg = Release
		{8EA3F919-EB29-4D77-A39C-2496BD2903C3}.Release|x64.ActiveCfg = Release
		{8EA3F919-EB29-4D77-A39C-2496BD2903C3}.ReleaseStandardUnicode|.NET.ActiveCfg = Release
		{8EA3F919-EB29-4D77-A39C-2496BD2903C3}.ReleaseStandardUnicode|Any CPU.ActiveCfg = Release
		{8EA3F919-EB29-4D77-A39C-2496BD2903C3}.ReleaseStandardUnicode|Mixed Platforms.ActiveCfg = Release
		{8EA3F919-EB29-4D77-A39C-2496BD2903C3}.ReleaseStandardUnicode|Win32.ActiveCfg = Release
		{8EA3F919-EB29-4D77-A39C-2496BD2903C3}.ReleaseStandardUnicode|x64.ActiveCfg = Release
		{8EA3F919-EB29-4D77-A39C-2496BD2903C3}.ReleaseStandardUnicodeDebug|.NET.ActiveCfg = Release
		{8EA3F919-EB29-4D77-A39C-2496BD2903C3}.ReleaseStandardUnicodeDebug|Any CPU.ActiveCfg = Release
		{8EA3F919-EB29-4D77-A39C-2496BD2903C3}.ReleaseStandardUnicodeDebug|Mixed Platforms.ActiveCfg = Release
		{8EA3F919-EB29-4D77-A39C-2496BD2903C3}.ReleaseStandardUnicodeDebug|Win32.ActiveCfg = Release
		{8EA3F919-EB29-4D77-A39C-2496BD2903C3}.ReleaseStandardUnicodeDebug|x64.ActiveCfg = Release
		{8EA3F919-EB29-4D77-A39C-2496BD2903C3}.ReleaseTools|.NET.ActiveCfg = Release
		{8EA3F919-EB29-4D77-A39C-2496BD2903C3}.ReleaseTools|Any CPU.ActiveCfg = Release
		{8EA3F919-EB29-4D77-A39C-2496BD2903C3}.ReleaseTools|Mixed Platforms.ActiveCfg = Release
		{8EA3F919-EB29-4D77-A39C-2496BD2903C3}.ReleaseTools|Win32.ActiveCfg = Release
		{8EA3F919-EB29-4D77-A39C-2496BD2903C3}.ReleaseTools|x64.ActiveCfg = Release
	EndGlobalSection
	GlobalSection(SolutionProperties) = preSolution
		HideSolutionNode = FALSE
	EndGlobalSection
EndGlobal
